// !$*UTF8*$!
{
	archiveVersion = 1;
	classes = {
	};
	objectVersion = 77;
	objects = {

/* Begin PBXBuildFile section */
		00BD18471262934CAF790ADE /* AccountRepository.swift in Sources */ = {isa = PBXBuildFile; fileRef = 1D30E668C8761BA80047CE39 /* AccountRepository.swift */; };
		01F2DF55944558BC342191AD /* RemoteAccountRepositoryTests.swift in Sources */ = {isa = PBXBuildFile; fileRef = F0D4706C2F766D144F2F275E /* RemoteAccountRepositoryTests.swift */; };
		02766F546CE30372596D7E15 /* AccountDTO.swift in Sources */ = {isa = PBXBuildFile; fileRef = F00D0CA559BEF36A9501A07D /* AccountDTO.swift */; };
		02ADB11E10C232F944504BB6 /* CategoryTreeView.swift in Sources */ = {isa = PBXBuildFile; fileRef = 8E5EEA26C0D2D71C2EB15030 /* CategoryTreeView.swift */; };
		02DB8D2228CFA51AC7812D2B /* TransactionDTO.swift in Sources */ = {isa = PBXBuildFile; fileRef = 61827C4BBD42236FDB411A5E /* TransactionDTO.swift */; };
		04F879ADFD37658000FE852E /* FlexibleUUID.swift in Sources */ = {isa = PBXBuildFile; fileRef = 24690034181D47021DED8793 /* FlexibleUUID.swift */; };
		06D29AF99E746E9BCDCA4223 /* accounts.json in Resources */ = {isa = PBXBuildFile; fileRef = 52D898DCF78E5D11679B3412 /* accounts.json */; };
		087B1BD6B50E59485ADB0B37 /* RemoteCategoryRepositoryTests.swift in Sources */ = {isa = PBXBuildFile; fileRef = 1DC71133FC75BEC73BF54723 /* RemoteCategoryRepositoryTests.swift */; };
		08DBB4D2DB2CD7424BD3E0B4 /* TransactionRepositoryContractTests.swift in Sources */ = {isa = PBXBuildFile; fileRef = 7A6FA10A728C34F561690045 /* TransactionRepositoryContractTests.swift */; };
		09B343854A493F577C868076 /* TransactionDTO.swift in Sources */ = {isa = PBXBuildFile; fileRef = 61827C4BBD42236FDB411A5E /* TransactionDTO.swift */; };
		0E0392A21BC5262F4AF03FE5 /* BackendProvider.swift in Sources */ = {isa = PBXBuildFile; fileRef = 689C68CCE94CDCB34D4D0A09 /* BackendProvider.swift */; };
		0FCB31EC6AFEDDBC77557602 /* MonetaryAmountView.swift in Sources */ = {isa = PBXBuildFile; fileRef = 00AF0C1750B6219581F77E10 /* MonetaryAmountView.swift */; };
		11694861A60E437DDFC71473 /* CategoryDTO.swift in Sources */ = {isa = PBXBuildFile; fileRef = E541549DB643C0BF54034DAD /* CategoryDTO.swift */; };
		118ACBE554F485DF857C681E /* TransactionStoreTests.swift in Sources */ = {isa = PBXBuildFile; fileRef = D2136B9FFE21FA794B7CF641 /* TransactionStoreTests.swift */; };
		138C6B01F7112C533F109095 /* CategoryDTO.swift in Sources */ = {isa = PBXBuildFile; fileRef = E541549DB643C0BF54034DAD /* CategoryDTO.swift */; };
		139C166EF4181897514CEC45 /* CookieKeychain.swift in Sources */ = {isa = PBXBuildFile; fileRef = 2307A129A45B6763ADE697AB /* CookieKeychain.swift */; };
		13A041848C489912194559B3 /* Category.swift in Sources */ = {isa = PBXBuildFile; fileRef = 04743414E9AFDBFA6A5B9180 /* Category.swift */; };
		17CDD5E86E3A4A719D88446B /* InMemoryAccountRepository.swift in Sources */ = {isa = PBXBuildFile; fileRef = 3F91D3EB60A793D5FE36DE1E /* InMemoryAccountRepository.swift */; };
		18EBFFD7591E79F6C5AC49D4 /* AuthStoreTests.swift in Sources */ = {isa = PBXBuildFile; fileRef = 44F485E6BD2F32A1579E64C8 /* AuthStoreTests.swift */; };
		18FE871F062CE7B0F102C584 /* TransactionDetailView.swift in Sources */ = {isa = PBXBuildFile; fileRef = F96CC893369568364661CAE4 /* TransactionDetailView.swift */; };
		1AB974D8C2760539C4237307 /* CategoryRepository.swift in Sources */ = {isa = PBXBuildFile; fileRef = 8D3422686B645906AD3E3B2D /* CategoryRepository.swift */; };
		1ABA5949F5758274ADC1C8ED /* CookieKeychainTests.swift in Sources */ = {isa = PBXBuildFile; fileRef = 68104891F6BA3CB148906B84 /* CookieKeychainTests.swift */; };
		1BB1FA3CDD4C40E5DECF02C2 /* InMemoryEarmarkRepository.swift in Sources */ = {isa = PBXBuildFile; fileRef = 3F20F717D81B87717A1628FE /* InMemoryEarmarkRepository.swift */; };
		20C80194918A336EFC5B3EB0 /* Currency.swift in Sources */ = {isa = PBXBuildFile; fileRef = E8911ED8F00C2346E71AB4FF /* Currency.swift */; };
		23D989C6AAA36D0565C65D0A /* CategoryStore.swift in Sources */ = {isa = PBXBuildFile; fileRef = B8BF9E7F5B9AD23AF5AB94EC /* CategoryStore.swift */; };
		244DCC5DC322AEDE39CE1558 /* RemoteAccountRepository.swift in Sources */ = {isa = PBXBuildFile; fileRef = 2737BCF1D305177458789B3E /* RemoteAccountRepository.swift */; };
		2A38BC093FB59F6DE6641D5C /* RemoteTransactionRepository.swift in Sources */ = {isa = PBXBuildFile; fileRef = FF6714F83887D49711778B57 /* RemoteTransactionRepository.swift */; };
		32044C7A90DF8223E8BB441C /* TransactionListView.swift in Sources */ = {isa = PBXBuildFile; fileRef = 6372CC4DA6A7D2423E8A8C5E /* TransactionListView.swift */; };
		323BED7138D7611E267C763F /* EarmarkStore.swift in Sources */ = {isa = PBXBuildFile; fileRef = 69224841A23B128697F76EEE /* EarmarkStore.swift */; };
		3C4FB711102939161CBC8075 /* TransactionRepository.swift in Sources */ = {isa = PBXBuildFile; fileRef = FBD9CC5FEB48F60711FA4B1D /* TransactionRepository.swift */; };
		3E4217A978AA7E905841D1D5 /* EarmarkRepository.swift in Sources */ = {isa = PBXBuildFile; fileRef = FCF35B5FE24DF01F650A61BE /* EarmarkRepository.swift */; };
		3E4ED1B16FC4E78C7B71E50E /* MonetaryAmountTests.swift in Sources */ = {isa = PBXBuildFile; fileRef = 5C4F17D02B2C9EC2CDA89AF3 /* MonetaryAmountTests.swift */; };
		3EC7A0812F7E31B37974A8A2 /* AccountStoreTests.swift in Sources */ = {isa = PBXBuildFile; fileRef = 8EBBF6FC221122AD74625F7E /* AccountStoreTests.swift */; };
		403E734626C41C2E33682214 /* CategoryDetailView.swift in Sources */ = {isa = PBXBuildFile; fileRef = 498570048DEA32F7F70C157A /* CategoryDetailView.swift */; };
		4090237938A97076DD94AF16 /* CategoryStore.swift in Sources */ = {isa = PBXBuildFile; fileRef = B8BF9E7F5B9AD23AF5AB94EC /* CategoryStore.swift */; };
		4140EDAF0C1A9E0A3723E357 /* UserMenuView.swift in Sources */ = {isa = PBXBuildFile; fileRef = 0AE5A7458FFA37A4C6DC6BF1 /* UserMenuView.swift */; };
		41DF550E13133F22A453AAE3 /* BackendProvider.swift in Sources */ = {isa = PBXBuildFile; fileRef = 689C68CCE94CDCB34D4D0A09 /* BackendProvider.swift */; };
		43AE8DF706354B4B0819DDE7 /* EarmarkRowView.swift in Sources */ = {isa = PBXBuildFile; fileRef = 33BDA26130E08FF09E6653AD /* EarmarkRowView.swift */; };
		44CF65A943FBE51D7180DAE1 /* MonetaryAmount.swift in Sources */ = {isa = PBXBuildFile; fileRef = CED93E0B23118A6BF13150C0 /* MonetaryAmount.swift */; };
		4613767B8A9111B9E548B9A2 /* AccountDTO.swift in Sources */ = {isa = PBXBuildFile; fileRef = F00D0CA559BEF36A9501A07D /* AccountDTO.swift */; };
		48EC942BE34EFD71548D31FF /* RemoteEarmarkRepository.swift in Sources */ = {isa = PBXBuildFile; fileRef = D9AA932A0CC2A4AF4157C666 /* RemoteEarmarkRepository.swift */; };
		48F0CBC848C55813FEBB8FE2 /* APIClient.swift in Sources */ = {isa = PBXBuildFile; fileRef = E0431C044B183CBD75A93A60 /* APIClient.swift */; };
		4ACABDD4F35D8A94254E68EF /* TransactionFormView.swift in Sources */ = {isa = PBXBuildFile; fileRef = 3B7ACDA8A081731510039853 /* TransactionFormView.swift */; };
		4ACAFC3B4F2719E860579956 /* InMemoryEarmarkRepository.swift in Sources */ = {isa = PBXBuildFile; fileRef = 3F20F717D81B87717A1628FE /* InMemoryEarmarkRepository.swift */; };
		4B06464EB3A094412B524E96 /* RemoteEarmarkRepositoryTests.swift in Sources */ = {isa = PBXBuildFile; fileRef = FDC2E9F955AD5A327CF1550C /* RemoteEarmarkRepositoryTests.swift */; };
		4D1AA5636717544A23434905 /* RemoteAuthProvider.swift in Sources */ = {isa = PBXBuildFile; fileRef = 29E5AD68A218108F0A5F67D0 /* RemoteAuthProvider.swift */; };
		4D1C7574CBF979D0E37D22E2 /* AccountStoreTests.swift in Sources */ = {isa = PBXBuildFile; fileRef = 8EBBF6FC221122AD74625F7E /* AccountStoreTests.swift */; };
		4DC59F69205FFC72F4FFE467 /* RemoteTransactionRepositoryTests.swift in Sources */ = {isa = PBXBuildFile; fileRef = EE77BEF3133FEE582F8A3277 /* RemoteTransactionRepositoryTests.swift */; };
		4E8FE6B924833B991158D4C4 /* categories.json in Resources */ = {isa = PBXBuildFile; fileRef = 136DBADEFD09E56AAD06A644 /* categories.json */; };
		521DCED3F9746139C48F6B61 /* InMemoryCategoryRepository.swift in Sources */ = {isa = PBXBuildFile; fileRef = FB8BBCFD6F9B6C1331088FE2 /* InMemoryCategoryRepository.swift */; };
		54976604A4A32D269D4585EA /* ModelContainerTests.swift in Sources */ = {isa = PBXBuildFile; fileRef = 3867FAEEC81BDE650D50509D /* ModelContainerTests.swift */; };
		557A175478652AC4A3ACD655 /* ContentView.swift in Sources */ = {isa = PBXBuildFile; fileRef = 22495C74E2B63C2956AE9437 /* ContentView.swift */; };
		56245C0671A63E23C02A6BE0 /* EarmarkDTO.swift in Sources */ = {isa = PBXBuildFile; fileRef = 93A43D8E355050F1AD6E08E6 /* EarmarkDTO.swift */; };
		58122BFD91F09DDD9D0523D0 /* APIClient.swift in Sources */ = {isa = PBXBuildFile; fileRef = E0431C044B183CBD75A93A60 /* APIClient.swift */; };
		5C4F979EC24AE0373027553C /* earmarks.json in Resources */ = {isa = PBXBuildFile; fileRef = CDB0992C6831C5A674E811CE /* earmarks.json */; };
		5D705F42B76E94E34245039A /* TransactionStoreTests.swift in Sources */ = {isa = PBXBuildFile; fileRef = D2136B9FFE21FA794B7CF641 /* TransactionStoreTests.swift */; };
		5DD56EF420C18507AF3B5463 /* WelcomeView.swift in Sources */ = {isa = PBXBuildFile; fileRef = 3E37BF3BEA54A6FC23CC7FE3 /* WelcomeView.swift */; };
		5E3549B31CCEB4F1188225F4 /* CategoryRepositoryContractTests.swift in Sources */ = {isa = PBXBuildFile; fileRef = 3CAA3B5D360B1D1D2E334778 /* CategoryRepositoryContractTests.swift */; };
		5F510CED371E37940EEA781D /* RemoteCategoryRepository.swift in Sources */ = {isa = PBXBuildFile; fileRef = 8825F56CD0329C37F43E8420 /* RemoteCategoryRepository.swift */; };
		60C4D29AF9D3027B180A8797 /* RemoteAuthProvider.swift in Sources */ = {isa = PBXBuildFile; fileRef = 29E5AD68A218108F0A5F67D0 /* RemoteAuthProvider.swift */; };
		651EBC461B961CAAF8061302 /* CategoriesView.swift in Sources */ = {isa = PBXBuildFile; fileRef = CDC52DF5F3E1AA880AFDA9EC /* CategoriesView.swift */; };
		65E3EBD7E06C8434C4398601 /* InMemoryAuthProvider.swift in Sources */ = {isa = PBXBuildFile; fileRef = DDB876186C21952AF9CE00EC /* InMemoryAuthProvider.swift */; };
		67A15B06F1FDA30AE457E2B9 /* InMemoryAuthProvider.swift in Sources */ = {isa = PBXBuildFile; fileRef = DDB876186C21952AF9CE00EC /* InMemoryAuthProvider.swift */; };
		67C6A90C925461E98AFFDF15 /* ModelContainerTests.swift in Sources */ = {isa = PBXBuildFile; fileRef = 3867FAEEC81BDE650D50509D /* ModelContainerTests.swift */; };
		69DAA0FF5FF7E3C94A1320D8 /* Account.swift in Sources */ = {isa = PBXBuildFile; fileRef = 4C85F9D469AB0B735DF3A5BD /* Account.swift */; };
		6CA92117AE9031BEB781D63E /* TransactionStore.swift in Sources */ = {isa = PBXBuildFile; fileRef = B6985F839D99BFB3C2B7E5E5 /* TransactionStore.swift */; };
		6D8CBD51B145FDC95FC4BB79 /* TransactionFilterView.swift in Sources */ = {isa = PBXBuildFile; fileRef = 49C90215EDD39E8617F01739 /* TransactionFilterView.swift */; };
		700EA1100CE2CDB4EFD4FB4B /* AccountStore.swift in Sources */ = {isa = PBXBuildFile; fileRef = 7C2536FF724721319BC3117F /* AccountStore.swift */; };
		70E928CC2C3284A2C20BF5F4 /* RemoteCategoryRepository.swift in Sources */ = {isa = PBXBuildFile; fileRef = 8825F56CD0329C37F43E8420 /* RemoteCategoryRepository.swift */; };
		71DB7F9A1B85408D487E7D8E /* transactions.json in Resources */ = {isa = PBXBuildFile; fileRef = FE5B728FC6801C05FE8CB62B /* transactions.json */; };
		776E181635EF91F6F3666F56 /* Earmark.swift in Sources */ = {isa = PBXBuildFile; fileRef = 6C9D26A8790E6F221AD6A048 /* Earmark.swift */; };
		782CB6DF50CA92CE399D43AF /* EarmarkDetailView.swift in Sources */ = {isa = PBXBuildFile; fileRef = D0B9668ADD913EB51F387E1C /* EarmarkDetailView.swift */; };
		79D7E2DCF0ABFAF8A909B1A7 /* earmarks.json in Resources */ = {isa = PBXBuildFile; fileRef = CDB0992C6831C5A674E811CE /* earmarks.json */; };
		79DBC8BF38976C4FE196D504 /* CategoryRepositoryContractTests.swift in Sources */ = {isa = PBXBuildFile; fileRef = 3CAA3B5D360B1D1D2E334778 /* CategoryRepositoryContractTests.swift */; };
		7A1CD54E49744D6FDACAC405 /* categories.json in Resources */ = {isa = PBXBuildFile; fileRef = 136DBADEFD09E56AAD06A644 /* categories.json */; };
		7CBE8BFF98E1ED319BDB0762 /* UserMenuView.swift in Sources */ = {isa = PBXBuildFile; fileRef = 0AE5A7458FFA37A4C6DC6BF1 /* UserMenuView.swift */; };
		7D2B15C16E46B5E582862F0B /* TransactionRepositoryContractTests.swift in Sources */ = {isa = PBXBuildFile; fileRef = 7A6FA10A728C34F561690045 /* TransactionRepositoryContractTests.swift */; };
		7D97D59B3682BBB7C98AC832 /* BackendError.swift in Sources */ = {isa = PBXBuildFile; fileRef = DB59F0807A41AE9577AFB9E1 /* BackendError.swift */; };
		7DDD1DA44DF2BB7423319415 /* Account.swift in Sources */ = {isa = PBXBuildFile; fileRef = 4C85F9D469AB0B735DF3A5BD /* Account.swift */; };
		7E291D8979D43E65AAA9D319 /* TransactionListView.swift in Sources */ = {isa = PBXBuildFile; fileRef = 6372CC4DA6A7D2423E8A8C5E /* TransactionListView.swift */; };
		7F25E616B673451369F9FC55 /* WelcomeView.swift in Sources */ = {isa = PBXBuildFile; fileRef = 3E37BF3BEA54A6FC23CC7FE3 /* WelcomeView.swift */; };
		800EAE6615AE4F44C6A3E2C3 /* AccountRepository.swift in Sources */ = {isa = PBXBuildFile; fileRef = 1D30E668C8761BA80047CE39 /* AccountRepository.swift */; };
		80B396733B2C78CDA4D745E1 /* EarmarkStore.swift in Sources */ = {isa = PBXBuildFile; fileRef = 69224841A23B128697F76EEE /* EarmarkStore.swift */; };
		85A57F09FA74650995D31768 /* SidebarView.swift in Sources */ = {isa = PBXBuildFile; fileRef = 2F6845C067ABB3CDA81CCB10 /* SidebarView.swift */; };
		888E358528BF4D21C8A56AC4 /* transactions.json in Resources */ = {isa = PBXBuildFile; fileRef = FE5B728FC6801C05FE8CB62B /* transactions.json */; };
		89CA9FF690DA57649DEA8E01 /* CookieKeychain.swift in Sources */ = {isa = PBXBuildFile; fileRef = 2307A129A45B6763ADE697AB /* CookieKeychain.swift */; };
		8CD72E510AE6F5A680D87E3C /* AppRootView.swift in Sources */ = {isa = PBXBuildFile; fileRef = 55CFB29D6757420CB3C9C8C8 /* AppRootView.swift */; };
		8DAB18C30AA26CD11A371099 /* AuthStoreTests.swift in Sources */ = {isa = PBXBuildFile; fileRef = 44F485E6BD2F32A1579E64C8 /* AuthStoreTests.swift */; };
		8FF588CBA83A7D1EC67539C4 /* RemoteCategoryRepositoryTests.swift in Sources */ = {isa = PBXBuildFile; fileRef = 1DC71133FC75BEC73BF54723 /* RemoteCategoryRepositoryTests.swift */; };
		90993D3B1C8552F0962E31AC /* AccountRowView.swift in Sources */ = {isa = PBXBuildFile; fileRef = C00D2192718D35CE9A6CBA1C /* AccountRowView.swift */; };
		933B37BE2214DE4C4A2144E9 /* Earmark.swift in Sources */ = {isa = PBXBuildFile; fileRef = 6C9D26A8790E6F221AD6A048 /* Earmark.swift */; };
		93FCE73793E9D76B76E87940 /* InMemoryTransactionRepository.swift in Sources */ = {isa = PBXBuildFile; fileRef = A19482E3FC4577044CBCD484 /* InMemoryTransactionRepository.swift */; };
		9493B0B9A390073295558761 /* CategoryRepository.swift in Sources */ = {isa = PBXBuildFile; fileRef = 8D3422686B645906AD3E3B2D /* CategoryRepository.swift */; };
		96316601E7C396465BC661C7 /* EarmarkRepository.swift in Sources */ = {isa = PBXBuildFile; fileRef = FCF35B5FE24DF01F650A61BE /* EarmarkRepository.swift */; };
		98E47E772CDEBCEAC9BA0C23 /* RemoteEarmarkRepository.swift in Sources */ = {isa = PBXBuildFile; fileRef = D9AA932A0CC2A4AF4157C666 /* RemoteEarmarkRepository.swift */; };
		98EE568DC0F3E79335857D00 /* Currency.swift in Sources */ = {isa = PBXBuildFile; fileRef = E8911ED8F00C2346E71AB4FF /* Currency.swift */; };
		995CD901BAF3D8BF0C782F7C /* InMemoryCategoryRepository.swift in Sources */ = {isa = PBXBuildFile; fileRef = FB8BBCFD6F9B6C1331088FE2 /* InMemoryCategoryRepository.swift */; };
		99E8BCF3EC75ADCE30C7A0AD /* TestBundleMarker.swift in Sources */ = {isa = PBXBuildFile; fileRef = 38FB6CBF1CC899B2422E5537 /* TestBundleMarker.swift */; };
		9CDEBDC3CFBDAF9165F882A7 /* MoolahApp.swift in Sources */ = {isa = PBXBuildFile; fileRef = E0E7D532967ACF605512D332 /* MoolahApp.swift */; };
		9E80B7C29F305231A7F25430 /* UserProfile.swift in Sources */ = {isa = PBXBuildFile; fileRef = 394716AE7AB11EB9DB2FC537 /* UserProfile.swift */; };
		A0CE6F785996CBF25B4B8493 /* RemoteBackend.swift in Sources */ = {isa = PBXBuildFile; fileRef = 6B6CD88ED67E56DC24998EF5 /* RemoteBackend.swift */; };
		A2926D652AF47FDCE2C6D605 /* EarmarkRowView.swift in Sources */ = {isa = PBXBuildFile; fileRef = 33BDA26130E08FF09E6653AD /* EarmarkRowView.swift */; };
		A4720D004F99C4AD4805E926 /* accounts.json in Resources */ = {isa = PBXBuildFile; fileRef = 52D898DCF78E5D11679B3412 /* accounts.json */; };
		A581C5F42CD8102245516304 /* Category.swift in Sources */ = {isa = PBXBuildFile; fileRef = 04743414E9AFDBFA6A5B9180 /* Category.swift */; };
		A9550E23152D9AD0201BABB7 /* AuthProvider.swift in Sources */ = {isa = PBXBuildFile; fileRef = B66104D9C8D82B1A0427CE79 /* AuthProvider.swift */; };
		AD1CCFD73369226105DB1E2F /* TransactionFilterView.swift in Sources */ = {isa = PBXBuildFile; fileRef = 49C90215EDD39E8617F01739 /* TransactionFilterView.swift */; };
		AFB55A3B857037BB6002F0D4 /* TransactionRowView.swift in Sources */ = {isa = PBXBuildFile; fileRef = 7920C082CF61FC2A86B05B31 /* TransactionRowView.swift */; };
		B0913F99CC9CF30546B6A3D6 /* AccountRowView.swift in Sources */ = {isa = PBXBuildFile; fileRef = C00D2192718D35CE9A6CBA1C /* AccountRowView.swift */; };
		B460D4029D5F6F80F23FCF0B /* AuthProvider.swift in Sources */ = {isa = PBXBuildFile; fileRef = B66104D9C8D82B1A0427CE79 /* AuthProvider.swift */; };
		B648B1EBA170CDE290D72E7F /* MonetaryAmountView.swift in Sources */ = {isa = PBXBuildFile; fileRef = 00AF0C1750B6219581F77E10 /* MonetaryAmountView.swift */; };
		B7381FF84C13F63F6B9AD69C /* AuthStore.swift in Sources */ = {isa = PBXBuildFile; fileRef = 9B1537B5ED73BDFE589AFBDF /* AuthStore.swift */; };
		B8FFDDF839C1C39B1435553A /* AuthContractTests.swift in Sources */ = {isa = PBXBuildFile; fileRef = 3FF82ABEAD4CD6082C14CC50 /* AuthContractTests.swift */; };
		BF633F5962C22BD2CDF82766 /* CategoryTreeView.swift in Sources */ = {isa = PBXBuildFile; fileRef = 8E5EEA26C0D2D71C2EB15030 /* CategoryTreeView.swift */; };
		C1715E51D7E72381A479F6EA /* Assets.xcassets in Resources */ = {isa = PBXBuildFile; fileRef = 7744C6DBEE0256E2BBD1513A /* Assets.xcassets */; };
		C37D1089D60EE0B013B282AE /* EarmarkDTO.swift in Sources */ = {isa = PBXBuildFile; fileRef = 93A43D8E355050F1AD6E08E6 /* EarmarkDTO.swift */; };
		C65F03B98023C20985ACFD0B /* BackendError.swift in Sources */ = {isa = PBXBuildFile; fileRef = DB59F0807A41AE9577AFB9E1 /* BackendError.swift */; };
		C70F40059B2F4EEB4B7CB6CA /* RemoteAccountRepositoryTests.swift in Sources */ = {isa = PBXBuildFile; fileRef = F0D4706C2F766D144F2F275E /* RemoteAccountRepositoryTests.swift */; };
		C733D2B154E165B22A927403 /* MoolahApp.swift in Sources */ = {isa = PBXBuildFile; fileRef = E0E7D532967ACF605512D332 /* MoolahApp.swift */; };
		C7E1B4D98E0E2E59F30E8760 /* AuthStore.swift in Sources */ = {isa = PBXBuildFile; fileRef = 9B1537B5ED73BDFE589AFBDF /* AuthStore.swift */; };
		C837D4C19F04AE3FEE568F96 /* TransactionDetailView.swift in Sources */ = {isa = PBXBuildFile; fileRef = F96CC893369568364661CAE4 /* TransactionDetailView.swift */; };
		C861572FA5EFADAADAEB5BBC /* UserProfile.swift in Sources */ = {isa = PBXBuildFile; fileRef = 394716AE7AB11EB9DB2FC537 /* UserProfile.swift */; };
		C9B35B912F9EDECD2AE3AFF7 /* FlexibleUUID.swift in Sources */ = {isa = PBXBuildFile; fileRef = 24690034181D47021DED8793 /* FlexibleUUID.swift */; };
		CA7A3FF9F9835B1F9624D8EF /* TransactionRowView.swift in Sources */ = {isa = PBXBuildFile; fileRef = 7920C082CF61FC2A86B05B31 /* TransactionRowView.swift */; };
		CAA86173F38CFE979B92405A /* CategoryDetailView.swift in Sources */ = {isa = PBXBuildFile; fileRef = 498570048DEA32F7F70C157A /* CategoryDetailView.swift */; };
		CB29B7107D26E771BEC886C0 /* InMemoryBackend.swift in Sources */ = {isa = PBXBuildFile; fileRef = 12C53697402D7B4394678D84 /* InMemoryBackend.swift */; };
		CD9200A470282154CA8F1533 /* CategoriesView.swift in Sources */ = {isa = PBXBuildFile; fileRef = CDC52DF5F3E1AA880AFDA9EC /* CategoriesView.swift */; };
		CE32F2D7F43E9A0E49475F78 /* TestBundleMarker.swift in Sources */ = {isa = PBXBuildFile; fileRef = 38FB6CBF1CC899B2422E5537 /* TestBundleMarker.swift */; };
		CF2ED2A7D750143B1408AAC8 /* AppRootView.swift in Sources */ = {isa = PBXBuildFile; fileRef = 55CFB29D6757420CB3C9C8C8 /* AppRootView.swift */; };
		D3D60831E18FB860048FC37C /* RemoteBackend.swift in Sources */ = {isa = PBXBuildFile; fileRef = 6B6CD88ED67E56DC24998EF5 /* RemoteBackend.swift */; };
		D4766BC58237878296FC3352 /* Transaction.swift in Sources */ = {isa = PBXBuildFile; fileRef = 70CE1D72398150BC0BF951B7 /* Transaction.swift */; };
		D57BDA9533B3330B4A2CCB17 /* EarmarkDetailView.swift in Sources */ = {isa = PBXBuildFile; fileRef = D0B9668ADD913EB51F387E1C /* EarmarkDetailView.swift */; };
		D61A0020FAC2CB41263BB3BD /* RemoteEarmarkRepositoryTests.swift in Sources */ = {isa = PBXBuildFile; fileRef = FDC2E9F955AD5A327CF1550C /* RemoteEarmarkRepositoryTests.swift */; };
		D693F63C07C8F3E7E7730236 /* RemoteTransactionRepositoryTests.swift in Sources */ = {isa = PBXBuildFile; fileRef = EE77BEF3133FEE582F8A3277 /* RemoteTransactionRepositoryTests.swift */; };
		D6F61A17E93F234A10D88E39 /* SidebarView.swift in Sources */ = {isa = PBXBuildFile; fileRef = 2F6845C067ABB3CDA81CCB10 /* SidebarView.swift */; };
		D78EB752B7BF8FCD7FBFE45B /* Transaction.swift in Sources */ = {isa = PBXBuildFile; fileRef = 70CE1D72398150BC0BF951B7 /* Transaction.swift */; };
		D7DAE78FABA8B61689D26CC2 /* AllTransactionsView.swift in Sources */ = {isa = PBXBuildFile; fileRef = 0BBC588B3A826D2815794E6D /* AllTransactionsView.swift */; };
		DF200724C634EFFA2E58CA49 /* CookieKeychainTests.swift in Sources */ = {isa = PBXBuildFile; fileRef = 68104891F6BA3CB148906B84 /* CookieKeychainTests.swift */; };
		E03B7D098DE1F4D1E111AD05 /* InMemoryTransactionRepository.swift in Sources */ = {isa = PBXBuildFile; fileRef = A19482E3FC4577044CBCD484 /* InMemoryTransactionRepository.swift */; };
		E0BB6B5944977FDD58DD8C83 /* AuthContractTests.swift in Sources */ = {isa = PBXBuildFile; fileRef = 3FF82ABEAD4CD6082C14CC50 /* AuthContractTests.swift */; };
		E41C039E9D946A3DEFF7E030 /* TransactionStore.swift in Sources */ = {isa = PBXBuildFile; fileRef = B6985F839D99BFB3C2B7E5E5 /* TransactionStore.swift */; };
		E7C3F0B1E1FA34391F334B01 /* TransactionFormView.swift in Sources */ = {isa = PBXBuildFile; fileRef = 3B7ACDA8A081731510039853 /* TransactionFormView.swift */; };
		EAB7D73F9952C5EC7F4CEE2B /* InMemoryAccountRepository.swift in Sources */ = {isa = PBXBuildFile; fileRef = 3F91D3EB60A793D5FE36DE1E /* InMemoryAccountRepository.swift */; };
		EB7CE3B0C3B5FF189E2E1FA1 /* AllTransactionsView.swift in Sources */ = {isa = PBXBuildFile; fileRef = 0BBC588B3A826D2815794E6D /* AllTransactionsView.swift */; };
		EFBB9ED1FE1A8FAD2A4C37FB /* RemoteAccountRepository.swift in Sources */ = {isa = PBXBuildFile; fileRef = 2737BCF1D305177458789B3E /* RemoteAccountRepository.swift */; };
		F10AEB4F5A672A6B27D230A2 /* Assets.xcassets in Resources */ = {isa = PBXBuildFile; fileRef = 7744C6DBEE0256E2BBD1513A /* Assets.xcassets */; };
		F394864BEA7331E44D8C1FA6 /* ContentView.swift in Sources */ = {isa = PBXBuildFile; fileRef = 22495C74E2B63C2956AE9437 /* ContentView.swift */; };
		F546CD86928CBF06040127F7 /* MonetaryAmountTests.swift in Sources */ = {isa = PBXBuildFile; fileRef = 5C4F17D02B2C9EC2CDA89AF3 /* MonetaryAmountTests.swift */; };
		F56156E2370D5D0B1659EC8B /* EarmarkStoreTests.swift in Sources */ = {isa = PBXBuildFile; fileRef = 4B7099043D0CE923649E44C7 /* EarmarkStoreTests.swift */; };
		F6121DE1DBDE9574C143215D /* RemoteTransactionRepository.swift in Sources */ = {isa = PBXBuildFile; fileRef = FF6714F83887D49711778B57 /* RemoteTransactionRepository.swift */; };
		F67CF26E9C6131F7537FB408 /* TransactionRepository.swift in Sources */ = {isa = PBXBuildFile; fileRef = FBD9CC5FEB48F60711FA4B1D /* TransactionRepository.swift */; };
		F6B1F1E4D8AAA7B8134A27B2 /* EarmarkStoreTests.swift in Sources */ = {isa = PBXBuildFile; fileRef = 4B7099043D0CE923649E44C7 /* EarmarkStoreTests.swift */; };
		F7F93308F5EF05CEB7B66D3A /* MonetaryAmount.swift in Sources */ = {isa = PBXBuildFile; fileRef = CED93E0B23118A6BF13150C0 /* MonetaryAmount.swift */; };
		F886E9EAA5377C4680F6362F /* AccountStore.swift in Sources */ = {isa = PBXBuildFile; fileRef = 7C2536FF724721319BC3117F /* AccountStore.swift */; };
		FC90521205A28AD546896B26 /* InMemoryBackend.swift in Sources */ = {isa = PBXBuildFile; fileRef = 12C53697402D7B4394678D84 /* InMemoryBackend.swift */; };
/* End PBXBuildFile section */

/* Begin PBXContainerItemProxy section */
		3717087926038673C2A78AE7 /* PBXContainerItemProxy */ = {
			isa = PBXContainerItemProxy;
			containerPortal = 521E30D9C633D699D31BCF06 /* Project object */;
			proxyType = 1;
			remoteGlobalIDString = CEEC6C7FA4A2AD599F559559;
			remoteInfo = Moolah_macOS;
		};
		7A872E3F876FCFB5EA59F581 /* PBXContainerItemProxy */ = {
			isa = PBXContainerItemProxy;
			containerPortal = 521E30D9C633D699D31BCF06 /* Project object */;
			proxyType = 1;
			remoteGlobalIDString = D2D1E17F27954F4772C18F0E;
			remoteInfo = Moolah_iOS;
		};
/* End PBXContainerItemProxy section */

/* Begin PBXFileReference section */
		00AF0C1750B6219581F77E10 /* MonetaryAmountView.swift */ = {isa = PBXFileReference; lastKnownFileType = sourcecode.swift; path = MonetaryAmountView.swift; sourceTree = "<group>"; };
		04743414E9AFDBFA6A5B9180 /* Category.swift */ = {isa = PBXFileReference; lastKnownFileType = sourcecode.swift; path = Category.swift; sourceTree = "<group>"; };
		0AE5A7458FFA37A4C6DC6BF1 /* UserMenuView.swift */ = {isa = PBXFileReference; lastKnownFileType = sourcecode.swift; path = UserMenuView.swift; sourceTree = "<group>"; };
		0BBC588B3A826D2815794E6D /* AllTransactionsView.swift */ = {isa = PBXFileReference; lastKnownFileType = sourcecode.swift; path = AllTransactionsView.swift; sourceTree = "<group>"; };
		12C53697402D7B4394678D84 /* InMemoryBackend.swift */ = {isa = PBXFileReference; lastKnownFileType = sourcecode.swift; path = InMemoryBackend.swift; sourceTree = "<group>"; };
		136DBADEFD09E56AAD06A644 /* categories.json */ = {isa = PBXFileReference; lastKnownFileType = text.json; path = categories.json; sourceTree = "<group>"; };
		17A51A52AB99705A4984A754 /* Info.plist */ = {isa = PBXFileReference; lastKnownFileType = text.plist; path = Info.plist; sourceTree = "<group>"; };
		1D30E668C8761BA80047CE39 /* AccountRepository.swift */ = {isa = PBXFileReference; lastKnownFileType = sourcecode.swift; path = AccountRepository.swift; sourceTree = "<group>"; };
		1DC71133FC75BEC73BF54723 /* RemoteCategoryRepositoryTests.swift */ = {isa = PBXFileReference; lastKnownFileType = sourcecode.swift; path = RemoteCategoryRepositoryTests.swift; sourceTree = "<group>"; };
		22398332D8AEF0450E12B382 /* MoolahTests_iOS.xctest */ = {isa = PBXFileReference; includeInIndex = 0; lastKnownFileType = wrapper.cfbundle; path = MoolahTests_iOS.xctest; sourceTree = BUILT_PRODUCTS_DIR; };
		22495C74E2B63C2956AE9437 /* ContentView.swift */ = {isa = PBXFileReference; lastKnownFileType = sourcecode.swift; path = ContentView.swift; sourceTree = "<group>"; };
		2307A129A45B6763ADE697AB /* CookieKeychain.swift */ = {isa = PBXFileReference; lastKnownFileType = sourcecode.swift; path = CookieKeychain.swift; sourceTree = "<group>"; };
		24690034181D47021DED8793 /* FlexibleUUID.swift */ = {isa = PBXFileReference; lastKnownFileType = sourcecode.swift; path = FlexibleUUID.swift; sourceTree = "<group>"; };
		2737BCF1D305177458789B3E /* RemoteAccountRepository.swift */ = {isa = PBXFileReference; lastKnownFileType = sourcecode.swift; path = RemoteAccountRepository.swift; sourceTree = "<group>"; };
		29E5AD68A218108F0A5F67D0 /* RemoteAuthProvider.swift */ = {isa = PBXFileReference; lastKnownFileType = sourcecode.swift; path = RemoteAuthProvider.swift; sourceTree = "<group>"; };
		2F6845C067ABB3CDA81CCB10 /* SidebarView.swift */ = {isa = PBXFileReference; lastKnownFileType = sourcecode.swift; path = SidebarView.swift; sourceTree = "<group>"; };
		33BDA26130E08FF09E6653AD /* EarmarkRowView.swift */ = {isa = PBXFileReference; lastKnownFileType = sourcecode.swift; path = EarmarkRowView.swift; sourceTree = "<group>"; };
		3867FAEEC81BDE650D50509D /* ModelContainerTests.swift */ = {isa = PBXFileReference; lastKnownFileType = sourcecode.swift; path = ModelContainerTests.swift; sourceTree = "<group>"; };
		38FB6CBF1CC899B2422E5537 /* TestBundleMarker.swift */ = {isa = PBXFileReference; lastKnownFileType = sourcecode.swift; path = TestBundleMarker.swift; sourceTree = "<group>"; };
		394716AE7AB11EB9DB2FC537 /* UserProfile.swift */ = {isa = PBXFileReference; lastKnownFileType = sourcecode.swift; path = UserProfile.swift; sourceTree = "<group>"; };
		3B7ACDA8A081731510039853 /* TransactionFormView.swift */ = {isa = PBXFileReference; lastKnownFileType = sourcecode.swift; path = TransactionFormView.swift; sourceTree = "<group>"; };
		3CAA3B5D360B1D1D2E334778 /* CategoryRepositoryContractTests.swift */ = {isa = PBXFileReference; lastKnownFileType = sourcecode.swift; path = CategoryRepositoryContractTests.swift; sourceTree = "<group>"; };
		3E37BF3BEA54A6FC23CC7FE3 /* WelcomeView.swift */ = {isa = PBXFileReference; lastKnownFileType = sourcecode.swift; path = WelcomeView.swift; sourceTree = "<group>"; };
		3F20F717D81B87717A1628FE /* InMemoryEarmarkRepository.swift */ = {isa = PBXFileReference; lastKnownFileType = sourcecode.swift; path = InMemoryEarmarkRepository.swift; sourceTree = "<group>"; };
		3F91D3EB60A793D5FE36DE1E /* InMemoryAccountRepository.swift */ = {isa = PBXFileReference; lastKnownFileType = sourcecode.swift; path = InMemoryAccountRepository.swift; sourceTree = "<group>"; };
		3FF82ABEAD4CD6082C14CC50 /* AuthContractTests.swift */ = {isa = PBXFileReference; lastKnownFileType = sourcecode.swift; path = AuthContractTests.swift; sourceTree = "<group>"; };
		44F485E6BD2F32A1579E64C8 /* AuthStoreTests.swift */ = {isa = PBXFileReference; lastKnownFileType = sourcecode.swift; path = AuthStoreTests.swift; sourceTree = "<group>"; };
		498570048DEA32F7F70C157A /* CategoryDetailView.swift */ = {isa = PBXFileReference; lastKnownFileType = sourcecode.swift; path = CategoryDetailView.swift; sourceTree = "<group>"; };
		49C90215EDD39E8617F01739 /* TransactionFilterView.swift */ = {isa = PBXFileReference; lastKnownFileType = sourcecode.swift; path = TransactionFilterView.swift; sourceTree = "<group>"; };
		4B7099043D0CE923649E44C7 /* EarmarkStoreTests.swift */ = {isa = PBXFileReference; lastKnownFileType = sourcecode.swift; path = EarmarkStoreTests.swift; sourceTree = "<group>"; };
		4C85F9D469AB0B735DF3A5BD /* Account.swift */ = {isa = PBXFileReference; lastKnownFileType = sourcecode.swift; path = Account.swift; sourceTree = "<group>"; };
		4CA48181968E160CE8E9302B /* Moolah_macOS.app */ = {isa = PBXFileReference; explicitFileType = wrapper.application; includeInIndex = 0; path = Moolah_macOS.app; sourceTree = BUILT_PRODUCTS_DIR; };
		52D898DCF78E5D11679B3412 /* accounts.json */ = {isa = PBXFileReference; lastKnownFileType = text.json; path = accounts.json; sourceTree = "<group>"; };
		55CFB29D6757420CB3C9C8C8 /* AppRootView.swift */ = {isa = PBXFileReference; lastKnownFileType = sourcecode.swift; path = AppRootView.swift; sourceTree = "<group>"; };
		5C4F17D02B2C9EC2CDA89AF3 /* MonetaryAmountTests.swift */ = {isa = PBXFileReference; lastKnownFileType = sourcecode.swift; path = MonetaryAmountTests.swift; sourceTree = "<group>"; };
		61827C4BBD42236FDB411A5E /* TransactionDTO.swift */ = {isa = PBXFileReference; lastKnownFileType = sourcecode.swift; path = TransactionDTO.swift; sourceTree = "<group>"; };
		6372CC4DA6A7D2423E8A8C5E /* TransactionListView.swift */ = {isa = PBXFileReference; lastKnownFileType = sourcecode.swift; path = TransactionListView.swift; sourceTree = "<group>"; };
		68104891F6BA3CB148906B84 /* CookieKeychainTests.swift */ = {isa = PBXFileReference; lastKnownFileType = sourcecode.swift; path = CookieKeychainTests.swift; sourceTree = "<group>"; };
		689C68CCE94CDCB34D4D0A09 /* BackendProvider.swift */ = {isa = PBXFileReference; lastKnownFileType = sourcecode.swift; path = BackendProvider.swift; sourceTree = "<group>"; };
		69224841A23B128697F76EEE /* EarmarkStore.swift */ = {isa = PBXFileReference; lastKnownFileType = sourcecode.swift; path = EarmarkStore.swift; sourceTree = "<group>"; };
		6B6CD88ED67E56DC24998EF5 /* RemoteBackend.swift */ = {isa = PBXFileReference; lastKnownFileType = sourcecode.swift; path = RemoteBackend.swift; sourceTree = "<group>"; };
		6C9D26A8790E6F221AD6A048 /* Earmark.swift */ = {isa = PBXFileReference; lastKnownFileType = sourcecode.swift; path = Earmark.swift; sourceTree = "<group>"; };
		70CE1D72398150BC0BF951B7 /* Transaction.swift */ = {isa = PBXFileReference; lastKnownFileType = sourcecode.swift; path = Transaction.swift; sourceTree = "<group>"; };
		7744C6DBEE0256E2BBD1513A /* Assets.xcassets */ = {isa = PBXFileReference; lastKnownFileType = folder.assetcatalog; path = Assets.xcassets; sourceTree = "<group>"; };
		7920C082CF61FC2A86B05B31 /* TransactionRowView.swift */ = {isa = PBXFileReference; lastKnownFileType = sourcecode.swift; path = TransactionRowView.swift; sourceTree = "<group>"; };
		7A6FA10A728C34F561690045 /* TransactionRepositoryContractTests.swift */ = {isa = PBXFileReference; lastKnownFileType = sourcecode.swift; path = TransactionRepositoryContractTests.swift; sourceTree = "<group>"; };
		7C2536FF724721319BC3117F /* AccountStore.swift */ = {isa = PBXFileReference; lastKnownFileType = sourcecode.swift; path = AccountStore.swift; sourceTree = "<group>"; };
		8825F56CD0329C37F43E8420 /* RemoteCategoryRepository.swift */ = {isa = PBXFileReference; lastKnownFileType = sourcecode.swift; path = RemoteCategoryRepository.swift; sourceTree = "<group>"; };
		8D3422686B645906AD3E3B2D /* CategoryRepository.swift */ = {isa = PBXFileReference; lastKnownFileType = sourcecode.swift; path = CategoryRepository.swift; sourceTree = "<group>"; };
		8E5EEA26C0D2D71C2EB15030 /* CategoryTreeView.swift */ = {isa = PBXFileReference; lastKnownFileType = sourcecode.swift; path = CategoryTreeView.swift; sourceTree = "<group>"; };
		8EBBF6FC221122AD74625F7E /* AccountStoreTests.swift */ = {isa = PBXFileReference; lastKnownFileType = sourcecode.swift; path = AccountStoreTests.swift; sourceTree = "<group>"; };
		93A43D8E355050F1AD6E08E6 /* EarmarkDTO.swift */ = {isa = PBXFileReference; lastKnownFileType = sourcecode.swift; path = EarmarkDTO.swift; sourceTree = "<group>"; };
		9B1537B5ED73BDFE589AFBDF /* AuthStore.swift */ = {isa = PBXFileReference; lastKnownFileType = sourcecode.swift; path = AuthStore.swift; sourceTree = "<group>"; };
		A19482E3FC4577044CBCD484 /* InMemoryTransactionRepository.swift */ = {isa = PBXFileReference; lastKnownFileType = sourcecode.swift; path = InMemoryTransactionRepository.swift; sourceTree = "<group>"; };
		B49F4CED68007895BCFE0658 /* .gitkeep */ = {isa = PBXFileReference; path = .gitkeep; sourceTree = "<group>"; };
		B66104D9C8D82B1A0427CE79 /* AuthProvider.swift */ = {isa = PBXFileReference; lastKnownFileType = sourcecode.swift; path = AuthProvider.swift; sourceTree = "<group>"; };
		B6985F839D99BFB3C2B7E5E5 /* TransactionStore.swift */ = {isa = PBXFileReference; lastKnownFileType = sourcecode.swift; path = TransactionStore.swift; sourceTree = "<group>"; };
		B8BF9E7F5B9AD23AF5AB94EC /* CategoryStore.swift */ = {isa = PBXFileReference; lastKnownFileType = sourcecode.swift; path = CategoryStore.swift; sourceTree = "<group>"; };
		BE221BC137F6FA398968FDFF /* Moolah_iOS.app */ = {isa = PBXFileReference; includeInIndex = 0; lastKnownFileType = wrapper.application; path = Moolah_iOS.app; sourceTree = BUILT_PRODUCTS_DIR; };
		C00D2192718D35CE9A6CBA1C /* AccountRowView.swift */ = {isa = PBXFileReference; lastKnownFileType = sourcecode.swift; path = AccountRowView.swift; sourceTree = "<group>"; };
		CDB0992C6831C5A674E811CE /* earmarks.json */ = {isa = PBXFileReference; lastKnownFileType = text.json; path = earmarks.json; sourceTree = "<group>"; };
		CDC52DF5F3E1AA880AFDA9EC /* CategoriesView.swift */ = {isa = PBXFileReference; lastKnownFileType = sourcecode.swift; path = CategoriesView.swift; sourceTree = "<group>"; };
		CED93E0B23118A6BF13150C0 /* MonetaryAmount.swift */ = {isa = PBXFileReference; lastKnownFileType = sourcecode.swift; path = MonetaryAmount.swift; sourceTree = "<group>"; };
		D0B9668ADD913EB51F387E1C /* EarmarkDetailView.swift */ = {isa = PBXFileReference; lastKnownFileType = sourcecode.swift; path = EarmarkDetailView.swift; sourceTree = "<group>"; };
		D2136B9FFE21FA794B7CF641 /* TransactionStoreTests.swift */ = {isa = PBXFileReference; lastKnownFileType = sourcecode.swift; path = TransactionStoreTests.swift; sourceTree = "<group>"; };
		D9AA932A0CC2A4AF4157C666 /* RemoteEarmarkRepository.swift */ = {isa = PBXFileReference; lastKnownFileType = sourcecode.swift; path = RemoteEarmarkRepository.swift; sourceTree = "<group>"; };
		DB59F0807A41AE9577AFB9E1 /* BackendError.swift */ = {isa = PBXFileReference; lastKnownFileType = sourcecode.swift; path = BackendError.swift; sourceTree = "<group>"; };
		DDB876186C21952AF9CE00EC /* InMemoryAuthProvider.swift */ = {isa = PBXFileReference; lastKnownFileType = sourcecode.swift; path = InMemoryAuthProvider.swift; sourceTree = "<group>"; };
		E0431C044B183CBD75A93A60 /* APIClient.swift */ = {isa = PBXFileReference; lastKnownFileType = sourcecode.swift; path = APIClient.swift; sourceTree = "<group>"; };
		E0E7D532967ACF605512D332 /* MoolahApp.swift */ = {isa = PBXFileReference; lastKnownFileType = sourcecode.swift; path = MoolahApp.swift; sourceTree = "<group>"; };
		E541549DB643C0BF54034DAD /* CategoryDTO.swift */ = {isa = PBXFileReference; lastKnownFileType = sourcecode.swift; path = CategoryDTO.swift; sourceTree = "<group>"; };
		E8911ED8F00C2346E71AB4FF /* Currency.swift */ = {isa = PBXFileReference; lastKnownFileType = sourcecode.swift; path = Currency.swift; sourceTree = "<group>"; };
		EE77BEF3133FEE582F8A3277 /* RemoteTransactionRepositoryTests.swift */ = {isa = PBXFileReference; lastKnownFileType = sourcecode.swift; path = RemoteTransactionRepositoryTests.swift; sourceTree = "<group>"; };
		F00D0CA559BEF36A9501A07D /* AccountDTO.swift */ = {isa = PBXFileReference; lastKnownFileType = sourcecode.swift; path = AccountDTO.swift; sourceTree = "<group>"; };
		F0D4706C2F766D144F2F275E /* RemoteAccountRepositoryTests.swift */ = {isa = PBXFileReference; lastKnownFileType = sourcecode.swift; path = RemoteAccountRepositoryTests.swift; sourceTree = "<group>"; };
		F96CC893369568364661CAE4 /* TransactionDetailView.swift */ = {isa = PBXFileReference; lastKnownFileType = sourcecode.swift; path = TransactionDetailView.swift; sourceTree = "<group>"; };
		FA6F0E982E4C074B8CF56F88 /* MoolahTests_macOS.xctest */ = {isa = PBXFileReference; explicitFileType = wrapper.cfbundle; includeInIndex = 0; path = MoolahTests_macOS.xctest; sourceTree = BUILT_PRODUCTS_DIR; };
		FB8BBCFD6F9B6C1331088FE2 /* InMemoryCategoryRepository.swift */ = {isa = PBXFileReference; lastKnownFileType = sourcecode.swift; path = InMemoryCategoryRepository.swift; sourceTree = "<group>"; };
		FBD9CC5FEB48F60711FA4B1D /* TransactionRepository.swift */ = {isa = PBXFileReference; lastKnownFileType = sourcecode.swift; path = TransactionRepository.swift; sourceTree = "<group>"; };
		FCF35B5FE24DF01F650A61BE /* EarmarkRepository.swift */ = {isa = PBXFileReference; lastKnownFileType = sourcecode.swift; path = EarmarkRepository.swift; sourceTree = "<group>"; };
		FDC2E9F955AD5A327CF1550C /* RemoteEarmarkRepositoryTests.swift */ = {isa = PBXFileReference; lastKnownFileType = sourcecode.swift; path = RemoteEarmarkRepositoryTests.swift; sourceTree = "<group>"; };
		FE5B728FC6801C05FE8CB62B /* transactions.json */ = {isa = PBXFileReference; lastKnownFileType = text.json; path = transactions.json; sourceTree = "<group>"; };
		FF6714F83887D49711778B57 /* RemoteTransactionRepository.swift */ = {isa = PBXFileReference; lastKnownFileType = sourcecode.swift; path = RemoteTransactionRepository.swift; sourceTree = "<group>"; };
/* End PBXFileReference section */

/* Begin PBXGroup section */
		1511972B9562253B8AA749EC /* Earmarks */ = {
			isa = PBXGroup;
			children = (
				69224841A23B128697F76EEE /* EarmarkStore.swift */,
				7E6A538C0E0A30EEDA2F9362 /* Views */,
			);
			path = Earmarks;
			sourceTree = "<group>";
		};
		17AEC3496CBDB04B0F0A54A0 /* Categories */ = {
			isa = PBXGroup;
			children = (
				B8BF9E7F5B9AD23AF5AB94EC /* CategoryStore.swift */,
				4C51F2E1E42AA919A4A0D5E2 /* Views */,
			);
			path = Categories;
			sourceTree = "<group>";
		};
		1BE841AE531AA7BA96842504 /* Transactions */ = {
			isa = PBXGroup;
			children = (
				B6985F839D99BFB3C2B7E5E5 /* TransactionStore.swift */,
				4EED8D099B9CD0A096B38C3B /* Views */,
			);
			path = Transactions;
			sourceTree = "<group>";
		};
		27D432CB805778E78FAC27AE /* Products */ = {
			isa = PBXGroup;
			children = (
				BE221BC137F6FA398968FDFF /* Moolah_iOS.app */,
				4CA48181968E160CE8E9302B /* Moolah_macOS.app */,
				22398332D8AEF0450E12B382 /* MoolahTests_iOS.xctest */,
				FA6F0E982E4C074B8CF56F88 /* MoolahTests_macOS.xctest */,
			);
			name = Products;
			sourceTree = "<group>";
		};
		39754A8D7AEE26367CDC5D85 /* Backends */ = {
			isa = PBXGroup;
			children = (
				68104891F6BA3CB148906B84 /* CookieKeychainTests.swift */,
				F0D4706C2F766D144F2F275E /* RemoteAccountRepositoryTests.swift */,
				1DC71133FC75BEC73BF54723 /* RemoteCategoryRepositoryTests.swift */,
				FDC2E9F955AD5A327CF1550C /* RemoteEarmarkRepositoryTests.swift */,
				EE77BEF3133FEE582F8A3277 /* RemoteTransactionRepositoryTests.swift */,
			);
			path = Backends;
			sourceTree = "<group>";
		};
		39930F16261E6D91BB4C2DB5 /* Shared */ = {
			isa = PBXGroup;
			children = (
				B49F4CED68007895BCFE0658 /* .gitkeep */,
				00AF0C1750B6219581F77E10 /* MonetaryAmountView.swift */,
			);
			path = Shared;
			sourceTree = "<group>";
		};
		3A7D396FC84B1E61563117BB /* Features */ = {
			isa = PBXGroup;
			children = (
				8EBBF6FC221122AD74625F7E /* AccountStoreTests.swift */,
				44F485E6BD2F32A1579E64C8 /* AuthStoreTests.swift */,
				4B7099043D0CE923649E44C7 /* EarmarkStoreTests.swift */,
				D2136B9FFE21FA794B7CF641 /* TransactionStoreTests.swift */,
			);
			path = Features;
			sourceTree = "<group>";
		};
		3C38468D8EFA243FD55CF920 /* Support */ = {
			isa = PBXGroup;
			children = (
				38FB6CBF1CC899B2422E5537 /* TestBundleMarker.swift */,
				EB7FA20110E81A4ABFE039C8 /* Fixtures */,
			);
			path = Support;
			sourceTree = "<group>";
		};
		48A6F0C10AB760788AD718EE /* Repositories */ = {
			isa = PBXGroup;
			children = (
				2737BCF1D305177458789B3E /* RemoteAccountRepository.swift */,
				8825F56CD0329C37F43E8420 /* RemoteCategoryRepository.swift */,
				D9AA932A0CC2A4AF4157C666 /* RemoteEarmarkRepository.swift */,
				FF6714F83887D49711778B57 /* RemoteTransactionRepository.swift */,
			);
			path = Repositories;
			sourceTree = "<group>";
		};
		4C51F2E1E42AA919A4A0D5E2 /* Views */ = {
			isa = PBXGroup;
			children = (
				CDC52DF5F3E1AA880AFDA9EC /* CategoriesView.swift */,
				498570048DEA32F7F70C157A /* CategoryDetailView.swift */,
				8E5EEA26C0D2D71C2EB15030 /* CategoryTreeView.swift */,
			);
			path = Views;
			sourceTree = "<group>";
		};
		4D121EA50340CAB3E34C37AC /* Repositories */ = {
			isa = PBXGroup;
			children = (
				1D30E668C8761BA80047CE39 /* AccountRepository.swift */,
				B66104D9C8D82B1A0427CE79 /* AuthProvider.swift */,
				689C68CCE94CDCB34D4D0A09 /* BackendProvider.swift */,
				8D3422686B645906AD3E3B2D /* CategoryRepository.swift */,
				FCF35B5FE24DF01F650A61BE /* EarmarkRepository.swift */,
				FBD9CC5FEB48F60711FA4B1D /* TransactionRepository.swift */,
			);
			path = Repositories;
			sourceTree = "<group>";
		};
		4EED8D099B9CD0A096B38C3B /* Views */ = {
			isa = PBXGroup;
			children = (
				0BBC588B3A826D2815794E6D /* AllTransactionsView.swift */,
				F96CC893369568364661CAE4 /* TransactionDetailView.swift */,
				49C90215EDD39E8617F01739 /* TransactionFilterView.swift */,
				3B7ACDA8A081731510039853 /* TransactionFormView.swift */,
				6372CC4DA6A7D2423E8A8C5E /* TransactionListView.swift */,
				7920C082CF61FC2A86B05B31 /* TransactionRowView.swift */,
			);
			path = Views;
			sourceTree = "<group>";
		};
		501C3F924C04428E64E5FE59 /* Views */ = {
			isa = PBXGroup;
			children = (
				C00D2192718D35CE9A6CBA1C /* AccountRowView.swift */,
			);
			path = Views;
			sourceTree = "<group>";
		};
		5107DA1D4EAD5EAA78609644 /* Auth */ = {
			isa = PBXGroup;
			children = (
				2307A129A45B6763ADE697AB /* CookieKeychain.swift */,
				29E5AD68A218108F0A5F67D0 /* RemoteAuthProvider.swift */,
			);
			path = Auth;
			sourceTree = "<group>";
		};
		51306B97B2DDE76A0A0807E2 /* DTOs */ = {
			isa = PBXGroup;
			children = (
				F00D0CA559BEF36A9501A07D /* AccountDTO.swift */,
				E541549DB643C0BF54034DAD /* CategoryDTO.swift */,
				93A43D8E355050F1AD6E08E6 /* EarmarkDTO.swift */,
				24690034181D47021DED8793 /* FlexibleUUID.swift */,
				61827C4BBD42236FDB411A5E /* TransactionDTO.swift */,
			);
			path = DTOs;
			sourceTree = "<group>";
		};
		52E521D2D8A8957D9486389D /* Features */ = {
			isa = PBXGroup;
			children = (
				F952E8DD86E0BA35107DA1BE /* Accounts */,
				9EB76ED522EB8ACA5326F0CD /* Auth */,
				17AEC3496CBDB04B0F0A54A0 /* Categories */,
				1511972B9562253B8AA749EC /* Earmarks */,
				C4A1BAFA40C3C3F54B2E7982 /* Navigation */,
				1BE841AE531AA7BA96842504 /* Transactions */,
			);
			path = Features;
			sourceTree = "<group>";
		};
		583D638B3107B848994CFFB8 /* Domain */ = {
			isa = PBXGroup;
			children = (
				6399E2439BD46F7F60A99002 /* Models */,
				4D121EA50340CAB3E34C37AC /* Repositories */,
			);
			path = Domain;
			sourceTree = "<group>";
		};
		6399E2439BD46F7F60A99002 /* Models */ = {
			isa = PBXGroup;
			children = (
				4C85F9D469AB0B735DF3A5BD /* Account.swift */,
				DB59F0807A41AE9577AFB9E1 /* BackendError.swift */,
				04743414E9AFDBFA6A5B9180 /* Category.swift */,
				E8911ED8F00C2346E71AB4FF /* Currency.swift */,
				6C9D26A8790E6F221AD6A048 /* Earmark.swift */,
				CED93E0B23118A6BF13150C0 /* MonetaryAmount.swift */,
				70CE1D72398150BC0BF951B7 /* Transaction.swift */,
				394716AE7AB11EB9DB2FC537 /* UserProfile.swift */,
			);
			path = Models;
			sourceTree = "<group>";
		};
		6D9FF05DC54FF392F353AB09 /* InMemory */ = {
			isa = PBXGroup;
			children = (
				3F91D3EB60A793D5FE36DE1E /* InMemoryAccountRepository.swift */,
				DDB876186C21952AF9CE00EC /* InMemoryAuthProvider.swift */,
				12C53697402D7B4394678D84 /* InMemoryBackend.swift */,
				FB8BBCFD6F9B6C1331088FE2 /* InMemoryCategoryRepository.swift */,
				3F20F717D81B87717A1628FE /* InMemoryEarmarkRepository.swift */,
				A19482E3FC4577044CBCD484 /* InMemoryTransactionRepository.swift */,
			);
			path = InMemory;
			sourceTree = "<group>";
		};
		7CC5CD50EB9F3FCCA61AD341 /* Backends */ = {
			isa = PBXGroup;
			children = (
				6D9FF05DC54FF392F353AB09 /* InMemory */,
				B826BB529F87533B35ECD5C4 /* Remote */,
			);
			path = Backends;
			sourceTree = "<group>";
		};
		7E6A538C0E0A30EEDA2F9362 /* Views */ = {
			isa = PBXGroup;
			children = (
				D0B9668ADD913EB51F387E1C /* EarmarkDetailView.swift */,
				33BDA26130E08FF09E6653AD /* EarmarkRowView.swift */,
			);
			path = Views;
			sourceTree = "<group>";
		};
		8A5B74A85A6F71D7F53ECCD6 /* MoolahTests */ = {
			isa = PBXGroup;
			children = (
				39754A8D7AEE26367CDC5D85 /* Backends */,
				A460CA9A7712C78B290D4ED8 /* Domain */,
				3A7D396FC84B1E61563117BB /* Features */,
				3C38468D8EFA243FD55CF920 /* Support */,
			);
			path = MoolahTests;
			sourceTree = "<group>";
		};
		9EB76ED522EB8ACA5326F0CD /* Auth */ = {
			isa = PBXGroup;
			children = (
				55CFB29D6757420CB3C9C8C8 /* AppRootView.swift */,
				9B1537B5ED73BDFE589AFBDF /* AuthStore.swift */,
				0AE5A7458FFA37A4C6DC6BF1 /* UserMenuView.swift */,
				3E37BF3BEA54A6FC23CC7FE3 /* WelcomeView.swift */,
			);
			path = Auth;
			sourceTree = "<group>";
		};
		A460CA9A7712C78B290D4ED8 /* Domain */ = {
			isa = PBXGroup;
			children = (
				3FF82ABEAD4CD6082C14CC50 /* AuthContractTests.swift */,
				3CAA3B5D360B1D1D2E334778 /* CategoryRepositoryContractTests.swift */,
				3867FAEEC81BDE650D50509D /* ModelContainerTests.swift */,
				5C4F17D02B2C9EC2CDA89AF3 /* MonetaryAmountTests.swift */,
				7A6FA10A728C34F561690045 /* TransactionRepositoryContractTests.swift */,
			);
			path = Domain;
			sourceTree = "<group>";
		};
		B19846DB3F9C18E0F99C8CE1 /* APIClient */ = {
			isa = PBXGroup;
			children = (
				E0431C044B183CBD75A93A60 /* APIClient.swift */,
			);
			path = APIClient;
			sourceTree = "<group>";
		};
		B826BB529F87533B35ECD5C4 /* Remote */ = {
			isa = PBXGroup;
			children = (
				6B6CD88ED67E56DC24998EF5 /* RemoteBackend.swift */,
				B19846DB3F9C18E0F99C8CE1 /* APIClient */,
				5107DA1D4EAD5EAA78609644 /* Auth */,
				51306B97B2DDE76A0A0807E2 /* DTOs */,
				48A6F0C10AB760788AD718EE /* Repositories */,
			);
			path = Remote;
			sourceTree = "<group>";
		};
		C4A1BAFA40C3C3F54B2E7982 /* Navigation */ = {
			isa = PBXGroup;
			children = (
				2F6845C067ABB3CDA81CCB10 /* SidebarView.swift */,
			);
			path = Navigation;
			sourceTree = "<group>";
		};
		DC6EA9ACC22A52F350446AD2 /* App */ = {
			isa = PBXGroup;
			children = (
				7744C6DBEE0256E2BBD1513A /* Assets.xcassets */,
				22495C74E2B63C2956AE9437 /* ContentView.swift */,
				17A51A52AB99705A4984A754 /* Info.plist */,
				E0E7D532967ACF605512D332 /* MoolahApp.swift */,
			);
			path = App;
			sourceTree = "<group>";
		};
		EB7FA20110E81A4ABFE039C8 /* Fixtures */ = {
			isa = PBXGroup;
			children = (
				52D898DCF78E5D11679B3412 /* accounts.json */,
				136DBADEFD09E56AAD06A644 /* categories.json */,
				CDB0992C6831C5A674E811CE /* earmarks.json */,
				FE5B728FC6801C05FE8CB62B /* transactions.json */,
			);
			path = Fixtures;
			sourceTree = "<group>";
		};
		F952E8DD86E0BA35107DA1BE /* Accounts */ = {
			isa = PBXGroup;
			children = (
				7C2536FF724721319BC3117F /* AccountStore.swift */,
				501C3F924C04428E64E5FE59 /* Views */,
			);
			path = Accounts;
			sourceTree = "<group>";
		};
		FFFAA414CF2CE7B9B90607CE = {
			isa = PBXGroup;
			children = (
				DC6EA9ACC22A52F350446AD2 /* App */,
				7CC5CD50EB9F3FCCA61AD341 /* Backends */,
				583D638B3107B848994CFFB8 /* Domain */,
				52E521D2D8A8957D9486389D /* Features */,
				8A5B74A85A6F71D7F53ECCD6 /* MoolahTests */,
				39930F16261E6D91BB4C2DB5 /* Shared */,
				27D432CB805778E78FAC27AE /* Products */,
			);
			sourceTree = "<group>";
		};
/* End PBXGroup section */

/* Begin PBXNativeTarget section */
		A870983A437D5981D552A736 /* MoolahTests_iOS */ = {
			isa = PBXNativeTarget;
			buildConfigurationList = ACBABA4AD202E61316D46DCD /* Build configuration list for PBXNativeTarget "MoolahTests_iOS" */;
			buildPhases = (
				2DC8167477AC262CB71B009A /* Sources */,
				AAC8CBEC186A9798969C5689 /* Resources */,
			);
			buildRules = (
			);
			dependencies = (
				87DD2588F12DC2488734DDB2 /* PBXTargetDependency */,
			);
			name = MoolahTests_iOS;
			packageProductDependencies = (
			);
			productName = MoolahTests_iOS;
			productReference = 22398332D8AEF0450E12B382 /* MoolahTests_iOS.xctest */;
			productType = "com.apple.product-type.bundle.unit-test";
		};
		C20057C792D7E1CBBAB3012C /* MoolahTests_macOS */ = {
			isa = PBXNativeTarget;
			buildConfigurationList = 5CCDCD8EEDBD4943E9DB88F3 /* Build configuration list for PBXNativeTarget "MoolahTests_macOS" */;
			buildPhases = (
				EE167E42262E45DD5E8F4029 /* Sources */,
				8ED6413EEB5EA765B87603C9 /* Resources */,
			);
			buildRules = (
			);
			dependencies = (
				8DE404C21AABD9FD2A3EE2A4 /* PBXTargetDependency */,
			);
			name = MoolahTests_macOS;
			packageProductDependencies = (
			);
			productName = MoolahTests_macOS;
			productReference = FA6F0E982E4C074B8CF56F88 /* MoolahTests_macOS.xctest */;
			productType = "com.apple.product-type.bundle.unit-test";
		};
		CEEC6C7FA4A2AD599F559559 /* Moolah_macOS */ = {
			isa = PBXNativeTarget;
			buildConfigurationList = 2B67DA81BC9C3E528A25DD16 /* Build configuration list for PBXNativeTarget "Moolah_macOS" */;
			buildPhases = (
				D865AA4C1F8E54145B65BA68 /* Sources */,
				96ED4A5CCADDFDFA5D76D9FB /* Resources */,
			);
			buildRules = (
			);
			dependencies = (
			);
			name = Moolah_macOS;
			packageProductDependencies = (
			);
			productName = Moolah_macOS;
			productReference = 4CA48181968E160CE8E9302B /* Moolah_macOS.app */;
			productType = "com.apple.product-type.application";
		};
		D2D1E17F27954F4772C18F0E /* Moolah_iOS */ = {
			isa = PBXNativeTarget;
			buildConfigurationList = EA8E07F5A108E96BBECF8D12 /* Build configuration list for PBXNativeTarget "Moolah_iOS" */;
			buildPhases = (
				A5936A632284E3DBB5E4C30F /* Sources */,
				5D5757ACC8F5443F32988387 /* Resources */,
			);
			buildRules = (
			);
			dependencies = (
			);
			name = Moolah_iOS;
			packageProductDependencies = (
			);
			productName = Moolah_iOS;
			productReference = BE221BC137F6FA398968FDFF /* Moolah_iOS.app */;
			productType = "com.apple.product-type.application";
		};
/* End PBXNativeTarget section */

/* Begin PBXProject section */
		521E30D9C633D699D31BCF06 /* Project object */ = {
			isa = PBXProject;
			attributes = {
				BuildIndependentTargetsInParallel = YES;
				LastUpgradeCheck = 1430;
				TargetAttributes = {
					A870983A437D5981D552A736 = {
						DevelopmentTeam = P8LX6DFJM4;
						ProvisioningStyle = Manual;
					};
					C20057C792D7E1CBBAB3012C = {
						DevelopmentTeam = P8LX6DFJM4;
						ProvisioningStyle = Manual;
					};
					CEEC6C7FA4A2AD599F559559 = {
						DevelopmentTeam = P8LX6DFJM4;
						ProvisioningStyle = Manual;
					};
					D2D1E17F27954F4772C18F0E = {
						DevelopmentTeam = P8LX6DFJM4;
						ProvisioningStyle = Manual;
					};
				};
			};
			buildConfigurationList = C709FAD92C89EED95359CF5B /* Build configuration list for PBXProject "Moolah" */;
			developmentRegion = en;
			hasScannedForEncodings = 0;
			knownRegions = (
				Base,
				en,
			);
			mainGroup = FFFAA414CF2CE7B9B90607CE;
			minimizedProjectReferenceProxies = 1;
			preferredProjectObjectVersion = 77;
			productRefGroup = 27D432CB805778E78FAC27AE /* Products */;
			projectDirPath = "";
			projectRoot = "";
			targets = (
				A870983A437D5981D552A736 /* MoolahTests_iOS */,
				C20057C792D7E1CBBAB3012C /* MoolahTests_macOS */,
				D2D1E17F27954F4772C18F0E /* Moolah_iOS */,
				CEEC6C7FA4A2AD599F559559 /* Moolah_macOS */,
			);
		};
/* End PBXProject section */

/* Begin PBXResourcesBuildPhase section */
		5D5757ACC8F5443F32988387 /* Resources */ = {
			isa = PBXResourcesBuildPhase;
			buildActionMask = 2147483647;
			files = (
				F10AEB4F5A672A6B27D230A2 /* Assets.xcassets in Resources */,
			);
			runOnlyForDeploymentPostprocessing = 0;
		};
		8ED6413EEB5EA765B87603C9 /* Resources */ = {
			isa = PBXResourcesBuildPhase;
			buildActionMask = 2147483647;
			files = (
				06D29AF99E746E9BCDCA4223 /* accounts.json in Resources */,
				7A1CD54E49744D6FDACAC405 /* categories.json in Resources */,
				79D7E2DCF0ABFAF8A909B1A7 /* earmarks.json in Resources */,
				888E358528BF4D21C8A56AC4 /* transactions.json in Resources */,
			);
			runOnlyForDeploymentPostprocessing = 0;
		};
		96ED4A5CCADDFDFA5D76D9FB /* Resources */ = {
			isa = PBXResourcesBuildPhase;
			buildActionMask = 2147483647;
			files = (
				C1715E51D7E72381A479F6EA /* Assets.xcassets in Resources */,
			);
			runOnlyForDeploymentPostprocessing = 0;
		};
		AAC8CBEC186A9798969C5689 /* Resources */ = {
			isa = PBXResourcesBuildPhase;
			buildActionMask = 2147483647;
			files = (
				A4720D004F99C4AD4805E926 /* accounts.json in Resources */,
				4E8FE6B924833B991158D4C4 /* categories.json in Resources */,
				5C4F979EC24AE0373027553C /* earmarks.json in Resources */,
				71DB7F9A1B85408D487E7D8E /* transactions.json in Resources */,
			);
			runOnlyForDeploymentPostprocessing = 0;
		};
/* End PBXResourcesBuildPhase section */

/* Begin PBXSourcesBuildPhase section */
		2DC8167477AC262CB71B009A /* Sources */ = {
			isa = PBXSourcesBuildPhase;
			buildActionMask = 2147483647;
			files = (
				4D1C7574CBF979D0E37D22E2 /* AccountStoreTests.swift in Sources */,
				E0BB6B5944977FDD58DD8C83 /* AuthContractTests.swift in Sources */,
				8DAB18C30AA26CD11A371099 /* AuthStoreTests.swift in Sources */,
				79DBC8BF38976C4FE196D504 /* CategoryRepositoryContractTests.swift in Sources */,
				DF200724C634EFFA2E58CA49 /* CookieKeychainTests.swift in Sources */,
				F6B1F1E4D8AAA7B8134A27B2 /* EarmarkStoreTests.swift in Sources */,
				67C6A90C925461E98AFFDF15 /* ModelContainerTests.swift in Sources */,
				3E4ED1B16FC4E78C7B71E50E /* MonetaryAmountTests.swift in Sources */,
				01F2DF55944558BC342191AD /* RemoteAccountRepositoryTests.swift in Sources */,
				8FF588CBA83A7D1EC67539C4 /* RemoteCategoryRepositoryTests.swift in Sources */,
				D61A0020FAC2CB41263BB3BD /* RemoteEarmarkRepositoryTests.swift in Sources */,
				D693F63C07C8F3E7E7730236 /* RemoteTransactionRepositoryTests.swift in Sources */,
				CE32F2D7F43E9A0E49475F78 /* TestBundleMarker.swift in Sources */,
				7D2B15C16E46B5E582862F0B /* TransactionRepositoryContractTests.swift in Sources */,
				5D705F42B76E94E34245039A /* TransactionStoreTests.swift in Sources */,
			);
			runOnlyForDeploymentPostprocessing = 0;
		};
		A5936A632284E3DBB5E4C30F /* Sources */ = {
			isa = PBXSourcesBuildPhase;
			buildActionMask = 2147483647;
			files = (
				58122BFD91F09DDD9D0523D0 /* APIClient.swift in Sources */,
				7DDD1DA44DF2BB7423319415 /* Account.swift in Sources */,
				4613767B8A9111B9E548B9A2 /* AccountDTO.swift in Sources */,
				800EAE6615AE4F44C6A3E2C3 /* AccountRepository.swift in Sources */,
				B0913F99CC9CF30546B6A3D6 /* AccountRowView.swift in Sources */,
				F886E9EAA5377C4680F6362F /* AccountStore.swift in Sources */,
				EB7CE3B0C3B5FF189E2E1FA1 /* AllTransactionsView.swift in Sources */,
				8CD72E510AE6F5A680D87E3C /* AppRootView.swift in Sources */,
				A9550E23152D9AD0201BABB7 /* AuthProvider.swift in Sources */,
				C7E1B4D98E0E2E59F30E8760 /* AuthStore.swift in Sources */,
				C65F03B98023C20985ACFD0B /* BackendError.swift in Sources */,
				41DF550E13133F22A453AAE3 /* BackendProvider.swift in Sources */,
				CD9200A470282154CA8F1533 /* CategoriesView.swift in Sources */,
				A581C5F42CD8102245516304 /* Category.swift in Sources */,
				11694861A60E437DDFC71473 /* CategoryDTO.swift in Sources */,
				403E734626C41C2E33682214 /* CategoryDetailView.swift in Sources */,
				9493B0B9A390073295558761 /* CategoryRepository.swift in Sources */,
				23D989C6AAA36D0565C65D0A /* CategoryStore.swift in Sources */,
				02ADB11E10C232F944504BB6 /* CategoryTreeView.swift in Sources */,
				557A175478652AC4A3ACD655 /* ContentView.swift in Sources */,
				89CA9FF690DA57649DEA8E01 /* CookieKeychain.swift in Sources */,
				98EE568DC0F3E79335857D00 /* Currency.swift in Sources */,
				776E181635EF91F6F3666F56 /* Earmark.swift in Sources */,
				C37D1089D60EE0B013B282AE /* EarmarkDTO.swift in Sources */,
				782CB6DF50CA92CE399D43AF /* EarmarkDetailView.swift in Sources */,
				96316601E7C396465BC661C7 /* EarmarkRepository.swift in Sources */,
				43AE8DF706354B4B0819DDE7 /* EarmarkRowView.swift in Sources */,
				323BED7138D7611E267C763F /* EarmarkStore.swift in Sources */,
				C9B35B912F9EDECD2AE3AFF7 /* FlexibleUUID.swift in Sources */,
				17CDD5E86E3A4A719D88446B /* InMemoryAccountRepository.swift in Sources */,
				65E3EBD7E06C8434C4398601 /* InMemoryAuthProvider.swift in Sources */,
				CB29B7107D26E771BEC886C0 /* InMemoryBackend.swift in Sources */,
				995CD901BAF3D8BF0C782F7C /* InMemoryCategoryRepository.swift in Sources */,
				4ACAFC3B4F2719E860579956 /* InMemoryEarmarkRepository.swift in Sources */,
				93FCE73793E9D76B76E87940 /* InMemoryTransactionRepository.swift in Sources */,
				F7F93308F5EF05CEB7B66D3A /* MonetaryAmount.swift in Sources */,
				B648B1EBA170CDE290D72E7F /* MonetaryAmountView.swift in Sources */,
				9CDEBDC3CFBDAF9165F882A7 /* MoolahApp.swift in Sources */,
				EFBB9ED1FE1A8FAD2A4C37FB /* RemoteAccountRepository.swift in Sources */,
				60C4D29AF9D3027B180A8797 /* RemoteAuthProvider.swift in Sources */,
				A0CE6F785996CBF25B4B8493 /* RemoteBackend.swift in Sources */,
				70E928CC2C3284A2C20BF5F4 /* RemoteCategoryRepository.swift in Sources */,
				48EC942BE34EFD71548D31FF /* RemoteEarmarkRepository.swift in Sources */,
				2A38BC093FB59F6DE6641D5C /* RemoteTransactionRepository.swift in Sources */,
				D6F61A17E93F234A10D88E39 /* SidebarView.swift in Sources */,
				D4766BC58237878296FC3352 /* Transaction.swift in Sources */,
				09B343854A493F577C868076 /* TransactionDTO.swift in Sources */,
				C837D4C19F04AE3FEE568F96 /* TransactionDetailView.swift in Sources */,
				AD1CCFD73369226105DB1E2F /* TransactionFilterView.swift in Sources */,
				4ACABDD4F35D8A94254E68EF /* TransactionFormView.swift in Sources */,
				7E291D8979D43E65AAA9D319 /* TransactionListView.swift in Sources */,
				F67CF26E9C6131F7537FB408 /* TransactionRepository.swift in Sources */,
				AFB55A3B857037BB6002F0D4 /* TransactionRowView.swift in Sources */,
				E41C039E9D946A3DEFF7E030 /* TransactionStore.swift in Sources */,
				4140EDAF0C1A9E0A3723E357 /* UserMenuView.swift in Sources */,
				C861572FA5EFADAADAEB5BBC /* UserProfile.swift in Sources */,
				7F25E616B673451369F9FC55 /* WelcomeView.swift in Sources */,
			);
			runOnlyForDeploymentPostprocessing = 0;
		};
		D865AA4C1F8E54145B65BA68 /* Sources */ = {
			isa = PBXSourcesBuildPhase;
			buildActionMask = 2147483647;
			files = (
				48F0CBC848C55813FEBB8FE2 /* APIClient.swift in Sources */,
				69DAA0FF5FF7E3C94A1320D8 /* Account.swift in Sources */,
				02766F546CE30372596D7E15 /* AccountDTO.swift in Sources */,
				00BD18471262934CAF790ADE /* AccountRepository.swift in Sources */,
				90993D3B1C8552F0962E31AC /* AccountRowView.swift in Sources */,
				700EA1100CE2CDB4EFD4FB4B /* AccountStore.swift in Sources */,
				D7DAE78FABA8B61689D26CC2 /* AllTransactionsView.swift in Sources */,
				CF2ED2A7D750143B1408AAC8 /* AppRootView.swift in Sources */,
				B460D4029D5F6F80F23FCF0B /* AuthProvider.swift in Sources */,
				B7381FF84C13F63F6B9AD69C /* AuthStore.swift in Sources */,
				7D97D59B3682BBB7C98AC832 /* BackendError.swift in Sources */,
				0E0392A21BC5262F4AF03FE5 /* BackendProvider.swift in Sources */,
				651EBC461B961CAAF8061302 /* CategoriesView.swift in Sources */,
				13A041848C489912194559B3 /* Category.swift in Sources */,
				138C6B01F7112C533F109095 /* CategoryDTO.swift in Sources */,
				CAA86173F38CFE979B92405A /* CategoryDetailView.swift in Sources */,
				1AB974D8C2760539C4237307 /* CategoryRepository.swift in Sources */,
				4090237938A97076DD94AF16 /* CategoryStore.swift in Sources */,
				BF633F5962C22BD2CDF82766 /* CategoryTreeView.swift in Sources */,
				F394864BEA7331E44D8C1FA6 /* ContentView.swift in Sources */,
				139C166EF4181897514CEC45 /* CookieKeychain.swift in Sources */,
				20C80194918A336EFC5B3EB0 /* Currency.swift in Sources */,
				933B37BE2214DE4C4A2144E9 /* Earmark.swift in Sources */,
				56245C0671A63E23C02A6BE0 /* EarmarkDTO.swift in Sources */,
				D57BDA9533B3330B4A2CCB17 /* EarmarkDetailView.swift in Sources */,
				3E4217A978AA7E905841D1D5 /* EarmarkRepository.swift in Sources */,
				A2926D652AF47FDCE2C6D605 /* EarmarkRowView.swift in Sources */,
				80B396733B2C78CDA4D745E1 /* EarmarkStore.swift in Sources */,
				04F879ADFD37658000FE852E /* FlexibleUUID.swift in Sources */,
				EAB7D73F9952C5EC7F4CEE2B /* InMemoryAccountRepository.swift in Sources */,
				67A15B06F1FDA30AE457E2B9 /* InMemoryAuthProvider.swift in Sources */,
				FC90521205A28AD546896B26 /* InMemoryBackend.swift in Sources */,
				521DCED3F9746139C48F6B61 /* InMemoryCategoryRepository.swift in Sources */,
				1BB1FA3CDD4C40E5DECF02C2 /* InMemoryEarmarkRepository.swift in Sources */,
				E03B7D098DE1F4D1E111AD05 /* InMemoryTransactionRepository.swift in Sources */,
				44CF65A943FBE51D7180DAE1 /* MonetaryAmount.swift in Sources */,
				0FCB31EC6AFEDDBC77557602 /* MonetaryAmountView.swift in Sources */,
				C733D2B154E165B22A927403 /* MoolahApp.swift in Sources */,
				244DCC5DC322AEDE39CE1558 /* RemoteAccountRepository.swift in Sources */,
				4D1AA5636717544A23434905 /* RemoteAuthProvider.swift in Sources */,
				D3D60831E18FB860048FC37C /* RemoteBackend.swift in Sources */,
				5F510CED371E37940EEA781D /* RemoteCategoryRepository.swift in Sources */,
				98E47E772CDEBCEAC9BA0C23 /* RemoteEarmarkRepository.swift in Sources */,
				F6121DE1DBDE9574C143215D /* RemoteTransactionRepository.swift in Sources */,
				85A57F09FA74650995D31768 /* SidebarView.swift in Sources */,
				D78EB752B7BF8FCD7FBFE45B /* Transaction.swift in Sources */,
				02DB8D2228CFA51AC7812D2B /* TransactionDTO.swift in Sources */,
				18FE871F062CE7B0F102C584 /* TransactionDetailView.swift in Sources */,
				6D8CBD51B145FDC95FC4BB79 /* TransactionFilterView.swift in Sources */,
				E7C3F0B1E1FA34391F334B01 /* TransactionFormView.swift in Sources */,
				32044C7A90DF8223E8BB441C /* TransactionListView.swift in Sources */,
				3C4FB711102939161CBC8075 /* TransactionRepository.swift in Sources */,
				CA7A3FF9F9835B1F9624D8EF /* TransactionRowView.swift in Sources */,
				6CA92117AE9031BEB781D63E /* TransactionStore.swift in Sources */,
				7CBE8BFF98E1ED319BDB0762 /* UserMenuView.swift in Sources */,
				9E80B7C29F305231A7F25430 /* UserProfile.swift in Sources */,
				5DD56EF420C18507AF3B5463 /* WelcomeView.swift in Sources */,
			);
			runOnlyForDeploymentPostprocessing = 0;
		};
		EE167E42262E45DD5E8F4029 /* Sources */ = {
			isa = PBXSourcesBuildPhase;
			buildActionMask = 2147483647;
			files = (
				3EC7A0812F7E31B37974A8A2 /* AccountStoreTests.swift in Sources */,
				B8FFDDF839C1C39B1435553A /* AuthContractTests.swift in Sources */,
				18EBFFD7591E79F6C5AC49D4 /* AuthStoreTests.swift in Sources */,
				5E3549B31CCEB4F1188225F4 /* CategoryRepositoryContractTests.swift in Sources */,
				1ABA5949F5758274ADC1C8ED /* CookieKeychainTests.swift in Sources */,
				F56156E2370D5D0B1659EC8B /* EarmarkStoreTests.swift in Sources */,
				54976604A4A32D269D4585EA /* ModelContainerTests.swift in Sources */,
				F546CD86928CBF06040127F7 /* MonetaryAmountTests.swift in Sources */,
				C70F40059B2F4EEB4B7CB6CA /* RemoteAccountRepositoryTests.swift in Sources */,
				087B1BD6B50E59485ADB0B37 /* RemoteCategoryRepositoryTests.swift in Sources */,
				4B06464EB3A094412B524E96 /* RemoteEarmarkRepositoryTests.swift in Sources */,
				4DC59F69205FFC72F4FFE467 /* RemoteTransactionRepositoryTests.swift in Sources */,
				99E8BCF3EC75ADCE30C7A0AD /* TestBundleMarker.swift in Sources */,
				08DBB4D2DB2CD7424BD3E0B4 /* TransactionRepositoryContractTests.swift in Sources */,
				118ACBE554F485DF857C681E /* TransactionStoreTests.swift in Sources */,
			);
			runOnlyForDeploymentPostprocessing = 0;
		};
/* End PBXSourcesBuildPhase section */

/* Begin PBXTargetDependency section */
		87DD2588F12DC2488734DDB2 /* PBXTargetDependency */ = {
			isa = PBXTargetDependency;
			target = D2D1E17F27954F4772C18F0E /* Moolah_iOS */;
			targetProxy = 7A872E3F876FCFB5EA59F581 /* PBXContainerItemProxy */;
		};
		8DE404C21AABD9FD2A3EE2A4 /* PBXTargetDependency */ = {
			isa = PBXTargetDependency;
			target = CEEC6C7FA4A2AD599F559559 /* Moolah_macOS */;
			targetProxy = 3717087926038673C2A78AE7 /* PBXContainerItemProxy */;
		};
/* End PBXTargetDependency section */

/* Begin XCBuildConfiguration section */
		0E502C1680DA677104A74F54 /* Debug */ = {
			isa = XCBuildConfiguration;
			buildSettings = {
				ASSETCATALOG_COMPILER_APPICON_NAME = AppIcon;
				COMBINE_HIDPI_IMAGES = YES;
				ENABLE_HARDENED_RUNTIME = NO;
				INFOPLIST_FILE = App/Info.plist;
				LD_RUNPATH_SEARCH_PATHS = (
					"$(inherited)",
					"@executable_path/../Frameworks",
				);
				PRODUCT_BUNDLE_IDENTIFIER = com.moolah.app;
				PRODUCT_MODULE_NAME = Moolah;
				PRODUCT_NAME = Moolah;
				SDKROOT = macosx;
			};
			name = Debug;
		};
		1CAF5A09AB572ABE4E4543BF /* Release */ = {
			isa = XCBuildConfiguration;
			buildSettings = {
				ALWAYS_SEARCH_USER_PATHS = NO;
				CLANG_ANALYZER_NONNULL = YES;
				CLANG_ANALYZER_NUMBER_OBJECT_CONVERSION = YES_AGGRESSIVE;
				CLANG_CXX_LANGUAGE_STANDARD = "gnu++14";
				CLANG_CXX_LIBRARY = "libc++";
				CLANG_ENABLE_MODULES = YES;
				CLANG_ENABLE_OBJC_ARC = YES;
				CLANG_ENABLE_OBJC_WEAK = YES;
				CLANG_WARN_BLOCK_CAPTURE_AUTORELEASING = YES;
				CLANG_WARN_BOOL_CONVERSION = YES;
				CLANG_WARN_COMMA = YES;
				CLANG_WARN_CONSTANT_CONVERSION = YES;
				CLANG_WARN_DEPRECATED_OBJC_IMPLEMENTATIONS = YES;
				CLANG_WARN_DIRECT_OBJC_ISA_USAGE = YES_ERROR;
				CLANG_WARN_DOCUMENTATION_COMMENTS = YES;
				CLANG_WARN_EMPTY_BODY = YES;
				CLANG_WARN_ENUM_CONVERSION = YES;
				CLANG_WARN_INFINITE_RECURSION = YES;
				CLANG_WARN_INT_CONVERSION = YES;
				CLANG_WARN_NON_LITERAL_NULL_CONVERSION = YES;
				CLANG_WARN_OBJC_IMPLICIT_RETAIN_SELF = YES;
				CLANG_WARN_OBJC_LITERAL_CONVERSION = YES;
				CLANG_WARN_OBJC_ROOT_CLASS = YES_ERROR;
				CLANG_WARN_QUOTED_INCLUDE_IN_FRAMEWORK_HEADER = YES;
				CLANG_WARN_RANGE_LOOP_ANALYSIS = YES;
				CLANG_WARN_STRICT_PROTOTYPES = YES;
				CLANG_WARN_SUSPICIOUS_MOVE = YES;
				CLANG_WARN_UNGUARDED_AVAILABILITY = YES_AGGRESSIVE;
				CLANG_WARN_UNREACHABLE_CODE = YES;
				CLANG_WARN__DUPLICATE_METHOD_MATCH = YES;
				CODE_SIGNING_ALLOWED = YES;
				CODE_SIGNING_REQUIRED = YES;
				CODE_SIGN_IDENTITY = "Apple Development";
				CODE_SIGN_STYLE = Manual;
				COPY_PHASE_STRIP = NO;
				DEBUG_INFORMATION_FORMAT = "dwarf-with-dsym";
				DEVELOPMENT_TEAM = P8LX6DFJM4;
				ENABLE_NS_ASSERTIONS = NO;
				ENABLE_STRICT_OBJC_MSGSEND = YES;
				ENABLE_TESTABILITY = YES;
				GCC_C_LANGUAGE_STANDARD = gnu11;
				GCC_NO_COMMON_BLOCKS = YES;
				GCC_WARN_64_TO_32_BIT_CONVERSION = YES;
				GCC_WARN_ABOUT_RETURN_TYPE = YES_ERROR;
				GCC_WARN_UNDECLARED_SELECTOR = YES;
				GCC_WARN_UNINITIALIZED_AUTOS = YES_AGGRESSIVE;
				GCC_WARN_UNUSED_FUNCTION = YES;
				GCC_WARN_UNUSED_VARIABLE = YES;
				IPHONEOS_DEPLOYMENT_TARGET = 26.0;
				MACOSX_DEPLOYMENT_TARGET = 26.0;
				MTL_ENABLE_DEBUG_INFO = NO;
				MTL_FAST_MATH = YES;
				PRODUCT_NAME = "$(TARGET_NAME)";
				PROVISIONING_PROFILE_SPECIFIER = "";
				SWIFT_COMPILATION_MODE = wholemodule;
				SWIFT_OPTIMIZATION_LEVEL = "-O";
				SWIFT_VERSION = 6.0;
			};
			name = Release;
		};
		27479F197CCA6F2EED50B7D4 /* Debug */ = {
			isa = XCBuildConfiguration;
			buildSettings = {
				BUNDLE_LOADER = "$(TEST_HOST)";
				CODE_SIGNING_ALLOWED = NO;
				CODE_SIGNING_REQUIRED = NO;
				LD_RUNPATH_SEARCH_PATHS = (
					"$(inherited)",
					"@executable_path/Frameworks",
					"@loader_path/Frameworks",
				);
				PRODUCT_BUNDLE_IDENTIFIER = com.moolah.tests;
				SDKROOT = iphoneos;
				TARGETED_DEVICE_FAMILY = "1,2";
				TEST_HOST = "$(BUILT_PRODUCTS_DIR)/Moolah_iOS.app/Moolah_iOS";
			};
			name = Debug;
		};
		6B7CDAC6141742C10A286E2A /* Debug */ = {
			isa = XCBuildConfiguration;
			buildSettings = {
				ALWAYS_SEARCH_USER_PATHS = NO;
				CLANG_ANALYZER_NONNULL = YES;
				CLANG_ANALYZER_NUMBER_OBJECT_CONVERSION = YES_AGGRESSIVE;
				CLANG_CXX_LANGUAGE_STANDARD = "gnu++14";
				CLANG_CXX_LIBRARY = "libc++";
				CLANG_ENABLE_MODULES = YES;
				CLANG_ENABLE_OBJC_ARC = YES;
				CLANG_ENABLE_OBJC_WEAK = YES;
				CLANG_WARN_BLOCK_CAPTURE_AUTORELEASING = YES;
				CLANG_WARN_BOOL_CONVERSION = YES;
				CLANG_WARN_COMMA = YES;
				CLANG_WARN_CONSTANT_CONVERSION = YES;
				CLANG_WARN_DEPRECATED_OBJC_IMPLEMENTATIONS = YES;
				CLANG_WARN_DIRECT_OBJC_ISA_USAGE = YES_ERROR;
				CLANG_WARN_DOCUMENTATION_COMMENTS = YES;
				CLANG_WARN_EMPTY_BODY = YES;
				CLANG_WARN_ENUM_CONVERSION = YES;
				CLANG_WARN_INFINITE_RECURSION = YES;
				CLANG_WARN_INT_CONVERSION = YES;
				CLANG_WARN_NON_LITERAL_NULL_CONVERSION = YES;
				CLANG_WARN_OBJC_IMPLICIT_RETAIN_SELF = YES;
				CLANG_WARN_OBJC_LITERAL_CONVERSION = YES;
				CLANG_WARN_OBJC_ROOT_CLASS = YES_ERROR;
				CLANG_WARN_QUOTED_INCLUDE_IN_FRAMEWORK_HEADER = YES;
				CLANG_WARN_RANGE_LOOP_ANALYSIS = YES;
				CLANG_WARN_STRICT_PROTOTYPES = YES;
				CLANG_WARN_SUSPICIOUS_MOVE = YES;
				CLANG_WARN_UNGUARDED_AVAILABILITY = YES_AGGRESSIVE;
				CLANG_WARN_UNREACHABLE_CODE = YES;
				CLANG_WARN__DUPLICATE_METHOD_MATCH = YES;
				CODE_SIGNING_ALLOWED = YES;
				CODE_SIGNING_REQUIRED = YES;
				CODE_SIGN_IDENTITY = "Apple Development";
				CODE_SIGN_STYLE = Manual;
				COPY_PHASE_STRIP = NO;
				DEBUG_INFORMATION_FORMAT = dwarf;
				DEVELOPMENT_TEAM = P8LX6DFJM4;
				ENABLE_STRICT_OBJC_MSGSEND = YES;
				ENABLE_TESTABILITY = YES;
				GCC_C_LANGUAGE_STANDARD = gnu11;
				GCC_DYNAMIC_NO_PIC = NO;
				GCC_NO_COMMON_BLOCKS = YES;
				GCC_OPTIMIZATION_LEVEL = 0;
				GCC_PREPROCESSOR_DEFINITIONS = (
					"$(inherited)",
					"DEBUG=1",
				);
				GCC_WARN_64_TO_32_BIT_CONVERSION = YES;
				GCC_WARN_ABOUT_RETURN_TYPE = YES_ERROR;
				GCC_WARN_UNDECLARED_SELECTOR = YES;
				GCC_WARN_UNINITIALIZED_AUTOS = YES_AGGRESSIVE;
				GCC_WARN_UNUSED_FUNCTION = YES;
				GCC_WARN_UNUSED_VARIABLE = YES;
				IPHONEOS_DEPLOYMENT_TARGET = 26.0;
				MACOSX_DEPLOYMENT_TARGET = 26.0;
				MTL_ENABLE_DEBUG_INFO = INCLUDE_SOURCE;
				MTL_FAST_MATH = YES;
				ONLY_ACTIVE_ARCH = YES;
				PRODUCT_NAME = "$(TARGET_NAME)";
				PROVISIONING_PROFILE_SPECIFIER = "";
				SWIFT_ACTIVE_COMPILATION_CONDITIONS = DEBUG;
				SWIFT_OPTIMIZATION_LEVEL = "-Onone";
				SWIFT_VERSION = 6.0;
			};
			name = Debug;
		};
		9952336C6F7043B1EAEB32EB /* Release */ = {
			isa = XCBuildConfiguration;
			buildSettings = {
				BUNDLE_LOADER = "$(TEST_HOST)";
				CODE_SIGNING_ALLOWED = NO;
				CODE_SIGNING_REQUIRED = NO;
				LD_RUNPATH_SEARCH_PATHS = (
					"$(inherited)",
					"@executable_path/Frameworks",
					"@loader_path/Frameworks",
				);
				PRODUCT_BUNDLE_IDENTIFIER = com.moolah.tests;
				SDKROOT = iphoneos;
				TARGETED_DEVICE_FAMILY = "1,2";
				TEST_HOST = "$(BUILT_PRODUCTS_DIR)/Moolah_iOS.app/Moolah_iOS";
			};
			name = Release;
		};
		9D409A92DD832E19D7FA5FBF /* Release */ = {
			isa = XCBuildConfiguration;
			buildSettings = {
				BUNDLE_LOADER = "$(TEST_HOST)";
				CODE_SIGNING_ALLOWED = YES;
				CODE_SIGNING_REQUIRED = YES;
				CODE_SIGN_IDENTITY = "-";
				COMBINE_HIDPI_IMAGES = YES;
				ENABLE_HARDENED_RUNTIME = NO;
				GENERATE_INFOPLIST_FILE = YES;
				LD_RUNPATH_SEARCH_PATHS = (
					"$(inherited)",
					"@executable_path/../Frameworks",
					"@loader_path/../Frameworks",
				);
				PRODUCT_BUNDLE_IDENTIFIER = com.moolah.tests;
				SDKROOT = macosx;
				TEST_HOST = "$(BUILT_PRODUCTS_DIR)/Moolah.app/Contents/MacOS/Moolah";
			};
			name = Release;
		};
		A58FDF40A77AD0E16B929E75 /* Release */ = {
			isa = XCBuildConfiguration;
			buildSettings = {
				ASSETCATALOG_COMPILER_APPICON_NAME = AppIcon;
				CODE_SIGN_IDENTITY = "iPhone Developer";
				INFOPLIST_FILE = App/Info.plist;
				LD_RUNPATH_SEARCH_PATHS = (
					"$(inherited)",
					"@executable_path/Frameworks",
				);
				PRODUCT_BUNDLE_IDENTIFIER = com.moolah.app;
				PRODUCT_MODULE_NAME = Moolah;
				SDKROOT = iphoneos;
				TARGETED_DEVICE_FAMILY = "1,2";
			};
			name = Release;
		};
		DFD1430730D4FBE8760C4A99 /* Debug */ = {
			isa = XCBuildConfiguration;
			buildSettings = {
				ASSETCATALOG_COMPILER_APPICON_NAME = AppIcon;
				CODE_SIGN_IDENTITY = "iPhone Developer";
				INFOPLIST_FILE = App/Info.plist;
				LD_RUNPATH_SEARCH_PATHS = (
					"$(inherited)",
					"@executable_path/Frameworks",
				);
				PRODUCT_BUNDLE_IDENTIFIER = com.moolah.app;
				PRODUCT_MODULE_NAME = Moolah;
				SDKROOT = iphoneos;
				TARGETED_DEVICE_FAMILY = "1,2";
			};
			name = Debug;
		};
		F29E288ADB5D2FDC02F2DB3D /* Debug */ = {
			isa = XCBuildConfiguration;
			buildSettings = {
				BUNDLE_LOADER = "$(TEST_HOST)";
				CODE_SIGNING_ALLOWED = YES;
				CODE_SIGNING_REQUIRED = YES;
				CODE_SIGN_IDENTITY = "-";
				COMBINE_HIDPI_IMAGES = YES;
				ENABLE_HARDENED_RUNTIME = NO;
				GENERATE_INFOPLIST_FILE = YES;
				LD_RUNPATH_SEARCH_PATHS = (
					"$(inherited)",
					"@executable_path/../Frameworks",
					"@loader_path/../Frameworks",
				);
				PRODUCT_BUNDLE_IDENTIFIER = com.moolah.tests;
				SDKROOT = macosx;
				TEST_HOST = "$(BUILT_PRODUCTS_DIR)/Moolah.app/Contents/MacOS/Moolah";
			};
			name = Debug;
		};
		FD77A88E4C17F736FC4E7038 /* Release */ = {
			isa = XCBuildConfiguration;
			buildSettings = {
				ASSETCATALOG_COMPILER_APPICON_NAME = AppIcon;
				COMBINE_HIDPI_IMAGES = YES;
				ENABLE_HARDENED_RUNTIME = NO;
				INFOPLIST_FILE = App/Info.plist;
				LD_RUNPATH_SEARCH_PATHS = (
					"$(inherited)",
					"@executable_path/../Frameworks",
				);
				PRODUCT_BUNDLE_IDENTIFIER = com.moolah.app;
				PRODUCT_MODULE_NAME = Moolah;
				PRODUCT_NAME = Moolah;
				SDKROOT = macosx;
			};
			name = Release;
		};
/* End XCBuildConfiguration section */

/* Begin XCConfigurationList section */
		2B67DA81BC9C3E528A25DD16 /* Build configuration list for PBXNativeTarget "Moolah_macOS" */ = {
			isa = XCConfigurationList;
			buildConfigurations = (
				0E502C1680DA677104A74F54 /* Debug */,
				FD77A88E4C17F736FC4E7038 /* Release */,
			);
			defaultConfigurationIsVisible = 0;
			defaultConfigurationName = Debug;
		};
		5CCDCD8EEDBD4943E9DB88F3 /* Build configuration list for PBXNativeTarget "MoolahTests_macOS" */ = {
			isa = XCConfigurationList;
			buildConfigurations = (
				F29E288ADB5D2FDC02F2DB3D /* Debug */,
				9D409A92DD832E19D7FA5FBF /* Release */,
			);
			defaultConfigurationIsVisible = 0;
			defaultConfigurationName = Debug;
		};
		ACBABA4AD202E61316D46DCD /* Build configuration list for PBXNativeTarget "MoolahTests_iOS" */ = {
			isa = XCConfigurationList;
			buildConfigurations = (
				27479F197CCA6F2EED50B7D4 /* Debug */,
				9952336C6F7043B1EAEB32EB /* Release */,
			);
			defaultConfigurationIsVisible = 0;
			defaultConfigurationName = Debug;
		};
		C709FAD92C89EED95359CF5B /* Build configuration list for PBXProject "Moolah" */ = {
			isa = XCConfigurationList;
			buildConfigurations = (
				6B7CDAC6141742C10A286E2A /* Debug */,
				1CAF5A09AB572ABE4E4543BF /* Release */,
			);
			defaultConfigurationIsVisible = 0;
			defaultConfigurationName = Debug;
		};
		EA8E07F5A108E96BBECF8D12 /* Build configuration list for PBXNativeTarget "Moolah_iOS" */ = {
			isa = XCConfigurationList;
			buildConfigurations = (
				DFD1430730D4FBE8760C4A99 /* Debug */,
				A58FDF40A77AD0E16B929E75 /* Release */,
			);
			defaultConfigurationIsVisible = 0;
			defaultConfigurationName = Debug;
		};
/* End XCConfigurationList section */
	};
	rootObject = 521E30D9C633D699D31BCF06 /* Project object */;
}
